// !$*UTF8*$!
{
	archiveVersion = 1;
	classes = {
	};
	objectVersion = 55;
	objects = {

/* Begin PBXBuildFile section */
		383827FC29986EF80056A7FA /* HomeMovies.swift in Sources */ = {isa = PBXBuildFile; fileRef = 383827FB29986EF80056A7FA /* HomeMovies.swift */; };
		383827FE29986F6B0056A7FA /* HomeMoviesCollectionViewExtension.swift in Sources */ = {isa = PBXBuildFile; fileRef = 383827FD29986F6B0056A7FA /* HomeMoviesCollectionViewExtension.swift */; };
		3838280029986FA90056A7FA /* HomeMoviesViewSearchExtension.swift in Sources */ = {isa = PBXBuildFile; fileRef = 383827FF29986FA90056A7FA /* HomeMoviesViewSearchExtension.swift */; };
		3838280229986FE80056A7FA /* HomeMoviesInteractor.swift in Sources */ = {isa = PBXBuildFile; fileRef = 3838280129986FE80056A7FA /* HomeMoviesInteractor.swift */; };
		38382805299870190056A7FA /* HomeMoviesRemoteDataManager.swift in Sources */ = {isa = PBXBuildFile; fileRef = 38382804299870190056A7FA /* HomeMoviesRemoteDataManager.swift */; };
		38382807299870610056A7FA /* HomeMoviesPresenter.swift in Sources */ = {isa = PBXBuildFile; fileRef = 38382806299870610056A7FA /* HomeMoviesPresenter.swift */; };
		38382809299870C50056A7FA /* HomeMoviesRouter.swift in Sources */ = {isa = PBXBuildFile; fileRef = 38382808299870C50056A7FA /* HomeMoviesRouter.swift */; };
		3838280B299870DF0056A7FA /* HomeMoviesProtocols.swift in Sources */ = {isa = PBXBuildFile; fileRef = 3838280A299870DF0056A7FA /* HomeMoviesProtocols.swift */; };
		3838280D299871940056A7FA /* InformationMoviesView.swift in Sources */ = {isa = PBXBuildFile; fileRef = 3838280C299871940056A7FA /* InformationMoviesView.swift */; };
		3838280F299871DA0056A7FA /* InformationMovieViewCollectionProtocolsExtension.swift in Sources */ = {isa = PBXBuildFile; fileRef = 3838280E299871DA0056A7FA /* InformationMovieViewCollectionProtocolsExtension.swift */; };
		38382811299872020056A7FA /* InformationMoviesInteractor.swift in Sources */ = {isa = PBXBuildFile; fileRef = 38382810299872020056A7FA /* InformationMoviesInteractor.swift */; };
		38382813299872230056A7FA /* InformationMoviesRemoteDataManager.swift in Sources */ = {isa = PBXBuildFile; fileRef = 38382812299872230056A7FA /* InformationMoviesRemoteDataManager.swift */; };
		38382815299872480056A7FA /* InformationMoviesPresenter.swift in Sources */ = {isa = PBXBuildFile; fileRef = 38382814299872480056A7FA /* InformationMoviesPresenter.swift */; };
		38382817299872820056A7FA /* InformationMovie.swift in Sources */ = {isa = PBXBuildFile; fileRef = 38382816299872820056A7FA /* InformationMovie.swift */; };
		38382819299872AA0056A7FA /* InformationMoviesRouter.swift in Sources */ = {isa = PBXBuildFile; fileRef = 38382818299872AA0056A7FA /* InformationMoviesRouter.swift */; };
		3838281B299872CB0056A7FA /* InformationMoviesProtocols.swift in Sources */ = {isa = PBXBuildFile; fileRef = 3838281A299872CB0056A7FA /* InformationMoviesProtocols.swift */; };
		38382822299874650056A7FA /* MovieCollectionCell.xib in Resources */ = {isa = PBXBuildFile; fileRef = 38382820299874650056A7FA /* MovieCollectionCell.xib */; };
		38382823299874650056A7FA /* MovieCollectionCell.swift in Sources */ = {isa = PBXBuildFile; fileRef = 38382821299874650056A7FA /* MovieCollectionCell.swift */; };
		383FF046299899AB00654866 /* InformationMoviesView.storyboard in Resources */ = {isa = PBXBuildFile; fileRef = 383FF045299899AB00654866 /* InformationMoviesView.storyboard */; };
		383FF050299D363C00654866 /* DateHeaderView.xib in Resources */ = {isa = PBXBuildFile; fileRef = 383FF04E299D363C00654866 /* DateHeaderView.xib */; };
		383FF051299D363C00654866 /* DateHeaderView.swift in Sources */ = {isa = PBXBuildFile; fileRef = 383FF04F299D363C00654866 /* DateHeaderView.swift */; };
		383FF053299D46D200654866 /* HomeMoviesPickerExtension.swift in Sources */ = {isa = PBXBuildFile; fileRef = 383FF052299D46D200654866 /* HomeMoviesPickerExtension.swift */; };
		383FF056299D591E00654866 /* HomeMoviesHelper.swift in Sources */ = {isa = PBXBuildFile; fileRef = 383FF055299D591E00654866 /* HomeMoviesHelper.swift */; };
		383FF094299D940100654866 /* MovieConstants.swift in Sources */ = {isa = PBXBuildFile; fileRef = 383FF093299D940100654866 /* MovieConstants.swift */; };
		383FF097299E8A0D00654866 /* UIImageExtension.swift in Sources */ = {isa = PBXBuildFile; fileRef = 383FF096299E8A0D00654866 /* UIImageExtension.swift */; };
		383FF09D299EA85700654866 /* InformationMoviesHelper.swift in Sources */ = {isa = PBXBuildFile; fileRef = 383FF09C299EA85700654866 /* InformationMoviesHelper.swift */; };
		383FF0A0299EC4BC00654866 /* Main.storyboard in Resources */ = {isa = PBXBuildFile; fileRef = 383FF09E299EC4BC00654866 /* Main.storyboard */; };
		383FF0A4299ED54A00654866 /* ReleatedMovieCollectionCell.swift in Sources */ = {isa = PBXBuildFile; fileRef = 383FF0A3299ED54A00654866 /* ReleatedMovieCollectionCell.swift */; };
		383FF0A6299ED55200654866 /* ReleatedMovieCollectionCell.xib in Resources */ = {isa = PBXBuildFile; fileRef = 383FF0A5299ED55200654866 /* ReleatedMovieCollectionCell.xib */; };
		386D79C829988D5F00C862FF /* HomeMovies.storyboard in Resources */ = {isa = PBXBuildFile; fileRef = 386D79C729988D5F00C862FF /* HomeMovies.storyboard */; };
		38949E7429A3D0BA00A16926 /* StringExtension.swift in Sources */ = {isa = PBXBuildFile; fileRef = 38949E7329A3D0BA00A16926 /* StringExtension.swift */; };
		38949E7629A3D21900A16926 /* MovieCell.swift in Sources */ = {isa = PBXBuildFile; fileRef = 38949E7529A3D21900A16926 /* MovieCell.swift */; };
		38FD246E299EF47400420744 /* UIViewControllerExtension.swift in Sources */ = {isa = PBXBuildFile; fileRef = 38FD246D299EF47400420744 /* UIViewControllerExtension.swift */; };
		C30893AE28A2F42B004B1860 /* AppDelegate.swift in Sources */ = {isa = PBXBuildFile; fileRef = C30893AD28A2F42B004B1860 /* AppDelegate.swift */; };
		C30893B028A2F42B004B1860 /* SceneDelegate.swift in Sources */ = {isa = PBXBuildFile; fileRef = C30893AF28A2F42B004B1860 /* SceneDelegate.swift */; };
		C30893B728A2F42D004B1860 /* Assets.xcassets in Resources */ = {isa = PBXBuildFile; fileRef = C30893B628A2F42D004B1860 /* Assets.xcassets */; };
		C30893BA28A2F42D004B1860 /* LaunchScreen.storyboard in Resources */ = {isa = PBXBuildFile; fileRef = C30893B828A2F42D004B1860 /* LaunchScreen.storyboard */; };
		C30893DB28A42481004B1860 /* README.md in Resources */ = {isa = PBXBuildFile; fileRef = C30893DA28A42481004B1860 /* README.md */; };
		C30893E328A425E1004B1860 /* Movie.swift in Sources */ = {isa = PBXBuildFile; fileRef = C30893E128A425E1004B1860 /* Movie.swift */; };
		C383356E28CA917400FCE0D5 /* code-review-rubric.md in Resources */ = {isa = PBXBuildFile; fileRef = C383356D28CA917400FCE0D5 /* code-review-rubric.md */; };
/* End PBXBuildFile section */

/* Begin PBXFileReference section */
		383827FB29986EF80056A7FA /* HomeMovies.swift */ = {isa = PBXFileReference; lastKnownFileType = sourcecode.swift; path = HomeMovies.swift; sourceTree = "<group>"; };
		383827FD29986F6B0056A7FA /* HomeMoviesCollectionViewExtension.swift */ = {isa = PBXFileReference; lastKnownFileType = sourcecode.swift; path = HomeMoviesCollectionViewExtension.swift; sourceTree = "<group>"; };
		383827FF29986FA90056A7FA /* HomeMoviesViewSearchExtension.swift */ = {isa = PBXFileReference; lastKnownFileType = sourcecode.swift; path = HomeMoviesViewSearchExtension.swift; sourceTree = "<group>"; };
		3838280129986FE80056A7FA /* HomeMoviesInteractor.swift */ = {isa = PBXFileReference; lastKnownFileType = sourcecode.swift; path = HomeMoviesInteractor.swift; sourceTree = "<group>"; };
		38382804299870190056A7FA /* HomeMoviesRemoteDataManager.swift */ = {isa = PBXFileReference; lastKnownFileType = sourcecode.swift; path = HomeMoviesRemoteDataManager.swift; sourceTree = "<group>"; };
		38382806299870610056A7FA /* HomeMoviesPresenter.swift */ = {isa = PBXFileReference; lastKnownFileType = sourcecode.swift; path = HomeMoviesPresenter.swift; sourceTree = "<group>"; };
		38382808299870C50056A7FA /* HomeMoviesRouter.swift */ = {isa = PBXFileReference; lastKnownFileType = sourcecode.swift; path = HomeMoviesRouter.swift; sourceTree = "<group>"; };
		3838280A299870DF0056A7FA /* HomeMoviesProtocols.swift */ = {isa = PBXFileReference; lastKnownFileType = sourcecode.swift; path = HomeMoviesProtocols.swift; sourceTree = "<group>"; };
		3838280C299871940056A7FA /* InformationMoviesView.swift */ = {isa = PBXFileReference; lastKnownFileType = sourcecode.swift; path = InformationMoviesView.swift; sourceTree = "<group>"; };
		3838280E299871DA0056A7FA /* InformationMovieViewCollectionProtocolsExtension.swift */ = {isa = PBXFileReference; lastKnownFileType = sourcecode.swift; path = InformationMovieViewCollectionProtocolsExtension.swift; sourceTree = "<group>"; };
		38382810299872020056A7FA /* InformationMoviesInteractor.swift */ = {isa = PBXFileReference; lastKnownFileType = sourcecode.swift; path = InformationMoviesInteractor.swift; sourceTree = "<group>"; };
		38382812299872230056A7FA /* InformationMoviesRemoteDataManager.swift */ = {isa = PBXFileReference; lastKnownFileType = sourcecode.swift; path = InformationMoviesRemoteDataManager.swift; sourceTree = "<group>"; };
		38382814299872480056A7FA /* InformationMoviesPresenter.swift */ = {isa = PBXFileReference; lastKnownFileType = sourcecode.swift; path = InformationMoviesPresenter.swift; sourceTree = "<group>"; };
		38382816299872820056A7FA /* InformationMovie.swift */ = {isa = PBXFileReference; lastKnownFileType = sourcecode.swift; path = InformationMovie.swift; sourceTree = "<group>"; };
		38382818299872AA0056A7FA /* InformationMoviesRouter.swift */ = {isa = PBXFileReference; lastKnownFileType = sourcecode.swift; path = InformationMoviesRouter.swift; sourceTree = "<group>"; };
		3838281A299872CB0056A7FA /* InformationMoviesProtocols.swift */ = {isa = PBXFileReference; lastKnownFileType = sourcecode.swift; path = InformationMoviesProtocols.swift; sourceTree = "<group>"; };
		38382820299874650056A7FA /* MovieCollectionCell.xib */ = {isa = PBXFileReference; fileEncoding = 4; lastKnownFileType = file.xib; path = MovieCollectionCell.xib; sourceTree = "<group>"; };
		38382821299874650056A7FA /* MovieCollectionCell.swift */ = {isa = PBXFileReference; fileEncoding = 4; lastKnownFileType = sourcecode.swift; path = MovieCollectionCell.swift; sourceTree = "<group>"; };
		383FF045299899AB00654866 /* InformationMoviesView.storyboard */ = {isa = PBXFileReference; lastKnownFileType = file.storyboard; path = InformationMoviesView.storyboard; sourceTree = "<group>"; };
		383FF04E299D363C00654866 /* DateHeaderView.xib */ = {isa = PBXFileReference; fileEncoding = 4; lastKnownFileType = file.xib; path = DateHeaderView.xib; sourceTree = "<group>"; };
		383FF04F299D363C00654866 /* DateHeaderView.swift */ = {isa = PBXFileReference; fileEncoding = 4; lastKnownFileType = sourcecode.swift; path = DateHeaderView.swift; sourceTree = "<group>"; };
		383FF052299D46D200654866 /* HomeMoviesPickerExtension.swift */ = {isa = PBXFileReference; lastKnownFileType = sourcecode.swift; path = HomeMoviesPickerExtension.swift; sourceTree = "<group>"; };
		383FF055299D591E00654866 /* HomeMoviesHelper.swift */ = {isa = PBXFileReference; lastKnownFileType = sourcecode.swift; path = HomeMoviesHelper.swift; sourceTree = "<group>"; };
		383FF093299D940100654866 /* MovieConstants.swift */ = {isa = PBXFileReference; lastKnownFileType = sourcecode.swift; path = MovieConstants.swift; sourceTree = "<group>"; };
		383FF096299E8A0D00654866 /* UIImageExtension.swift */ = {isa = PBXFileReference; lastKnownFileType = sourcecode.swift; path = UIImageExtension.swift; sourceTree = "<group>"; };
		383FF09C299EA85700654866 /* InformationMoviesHelper.swift */ = {isa = PBXFileReference; lastKnownFileType = sourcecode.swift; path = InformationMoviesHelper.swift; sourceTree = "<group>"; };
		383FF09F299EC4BC00654866 /* Base */ = {isa = PBXFileReference; lastKnownFileType = file.storyboard; name = Base; path = Base.lproj/Main.storyboard; sourceTree = "<group>"; };
		383FF0A3299ED54A00654866 /* ReleatedMovieCollectionCell.swift */ = {isa = PBXFileReference; lastKnownFileType = sourcecode.swift; path = ReleatedMovieCollectionCell.swift; sourceTree = "<group>"; };
		383FF0A5299ED55200654866 /* ReleatedMovieCollectionCell.xib */ = {isa = PBXFileReference; lastKnownFileType = file.xib; path = ReleatedMovieCollectionCell.xib; sourceTree = "<group>"; };
		386D79C729988D5F00C862FF /* HomeMovies.storyboard */ = {isa = PBXFileReference; lastKnownFileType = file.storyboard; path = HomeMovies.storyboard; sourceTree = "<group>"; };
		38949E7329A3D0BA00A16926 /* StringExtension.swift */ = {isa = PBXFileReference; lastKnownFileType = sourcecode.swift; path = StringExtension.swift; sourceTree = "<group>"; };
		38949E7529A3D21900A16926 /* MovieCell.swift */ = {isa = PBXFileReference; lastKnownFileType = sourcecode.swift; path = MovieCell.swift; sourceTree = "<group>"; };
		38FD246D299EF47400420744 /* UIViewControllerExtension.swift */ = {isa = PBXFileReference; lastKnownFileType = sourcecode.swift; path = UIViewControllerExtension.swift; sourceTree = "<group>"; };
		C30893AA28A2F42B004B1860 /* BAZProject.app */ = {isa = PBXFileReference; explicitFileType = wrapper.application; includeInIndex = 0; path = BAZProject.app; sourceTree = BUILT_PRODUCTS_DIR; };
		C30893AD28A2F42B004B1860 /* AppDelegate.swift */ = {isa = PBXFileReference; lastKnownFileType = sourcecode.swift; path = AppDelegate.swift; sourceTree = "<group>"; };
		C30893AF28A2F42B004B1860 /* SceneDelegate.swift */ = {isa = PBXFileReference; lastKnownFileType = sourcecode.swift; path = SceneDelegate.swift; sourceTree = "<group>"; };
		C30893B628A2F42D004B1860 /* Assets.xcassets */ = {isa = PBXFileReference; lastKnownFileType = folder.assetcatalog; path = Assets.xcassets; sourceTree = "<group>"; };
		C30893B928A2F42D004B1860 /* Base */ = {isa = PBXFileReference; lastKnownFileType = file.storyboard; name = Base; path = Base.lproj/LaunchScreen.storyboard; sourceTree = "<group>"; };
		C30893BB28A2F42D004B1860 /* Info.plist */ = {isa = PBXFileReference; lastKnownFileType = text.plist.xml; path = Info.plist; sourceTree = "<group>"; };
		C30893DA28A42481004B1860 /* README.md */ = {isa = PBXFileReference; fileEncoding = 4; lastKnownFileType = net.daringfireball.markdown; path = README.md; sourceTree = "<group>"; };
		C30893E128A425E1004B1860 /* Movie.swift */ = {isa = PBXFileReference; fileEncoding = 4; lastKnownFileType = sourcecode.swift; path = Movie.swift; sourceTree = "<group>"; };
		C383356D28CA917400FCE0D5 /* code-review-rubric.md */ = {isa = PBXFileReference; fileEncoding = 4; lastKnownFileType = net.daringfireball.markdown; path = "code-review-rubric.md"; sourceTree = "<group>"; };
/* End PBXFileReference section */

/* Begin PBXFrameworksBuildPhase section */
		C30893A728A2F42B004B1860 /* Frameworks */ = {
			isa = PBXFrameworksBuildPhase;
			buildActionMask = 2147483647;
			files = (
			);
			runOnlyForDeploymentPostprocessing = 0;
		};
/* End PBXFrameworksBuildPhase section */

/* Begin PBXGroup section */
		383827EC299869F20056A7FA /* HomeMovies */ = {
			isa = PBXGroup;
			children = (
				383827EF29986DAE0056A7FA /* View */,
				383827F029986DBD0056A7FA /* Interactor */,
				383827F129986DCB0056A7FA /* Presenter */,
				383827F229986DD70056A7FA /* Entity */,
				383827F329986DE60056A7FA /* Router */,
				383827F429986DED0056A7FA /* Protoclos */,
			);
			path = HomeMovies;
			sourceTree = "<group>";
		};
		383827ED299869FD0056A7FA /* InformationMovies */ = {
			isa = PBXGroup;
			children = (
				383827F529986E260056A7FA /* View */,
				383827F629986E310056A7FA /* Interactor */,
				383827F729986E390056A7FA /* Presenter */,
				383827F829986E400056A7FA /* Entity */,
				383827F929986E470056A7FA /* Router */,
				383827FA29986E4D0056A7FA /* Protoclos */,
			);
			path = InformationMovies;
			sourceTree = "<group>";
		};
		383827EF29986DAE0056A7FA /* View */ = {
			isa = PBXGroup;
			children = (
				386D79C729988D5F00C862FF /* HomeMovies.storyboard */,
				383827FB29986EF80056A7FA /* HomeMovies.swift */,
				383827FD29986F6B0056A7FA /* HomeMoviesCollectionViewExtension.swift */,
				383827FF29986FA90056A7FA /* HomeMoviesViewSearchExtension.swift */,
				383FF052299D46D200654866 /* HomeMoviesPickerExtension.swift */,
				383FF055299D591E00654866 /* HomeMoviesHelper.swift */,
			);
			path = View;
			sourceTree = "<group>";
		};
		383827F029986DBD0056A7FA /* Interactor */ = {
			isa = PBXGroup;
			children = (
				3838280129986FE80056A7FA /* HomeMoviesInteractor.swift */,
				38382804299870190056A7FA /* HomeMoviesRemoteDataManager.swift */,
			);
			path = Interactor;
			sourceTree = "<group>";
		};
		383827F129986DCB0056A7FA /* Presenter */ = {
			isa = PBXGroup;
			children = (
				38382806299870610056A7FA /* HomeMoviesPresenter.swift */,
			);
			path = Presenter;
			sourceTree = "<group>";
		};
		383827F229986DD70056A7FA /* Entity */ = {
			isa = PBXGroup;
			children = (
				C30893E128A425E1004B1860 /* Movie.swift */,
				38949E7529A3D21900A16926 /* MovieCell.swift */,
			);
			path = Entity;
			sourceTree = "<group>";
		};
		383827F329986DE60056A7FA /* Router */ = {
			isa = PBXGroup;
			children = (
				38382808299870C50056A7FA /* HomeMoviesRouter.swift */,
			);
			path = Router;
			sourceTree = "<group>";
		};
		383827F429986DED0056A7FA /* Protoclos */ = {
			isa = PBXGroup;
			children = (
				3838280A299870DF0056A7FA /* HomeMoviesProtocols.swift */,
			);
			path = Protoclos;
			sourceTree = "<group>";
		};
		383827F529986E260056A7FA /* View */ = {
			isa = PBXGroup;
			children = (
				3838280C299871940056A7FA /* InformationMoviesView.swift */,
				3838280E299871DA0056A7FA /* InformationMovieViewCollectionProtocolsExtension.swift */,
				383FF045299899AB00654866 /* InformationMoviesView.storyboard */,
				383FF09C299EA85700654866 /* InformationMoviesHelper.swift */,
			);
			path = View;
			sourceTree = "<group>";
		};
		383827F629986E310056A7FA /* Interactor */ = {
			isa = PBXGroup;
			children = (
				38382810299872020056A7FA /* InformationMoviesInteractor.swift */,
				38382812299872230056A7FA /* InformationMoviesRemoteDataManager.swift */,
			);
			path = Interactor;
			sourceTree = "<group>";
		};
		383827F729986E390056A7FA /* Presenter */ = {
			isa = PBXGroup;
			children = (
				38382814299872480056A7FA /* InformationMoviesPresenter.swift */,
			);
			path = Presenter;
			sourceTree = "<group>";
		};
		383827F829986E400056A7FA /* Entity */ = {
			isa = PBXGroup;
			children = (
				38382816299872820056A7FA /* InformationMovie.swift */,
			);
			path = Entity;
			sourceTree = "<group>";
		};
		383827F929986E470056A7FA /* Router */ = {
			isa = PBXGroup;
			children = (
				38382818299872AA0056A7FA /* InformationMoviesRouter.swift */,
			);
			path = Router;
			sourceTree = "<group>";
		};
		383827FA29986E4D0056A7FA /* Protoclos */ = {
			isa = PBXGroup;
			children = (
				3838281A299872CB0056A7FA /* InformationMoviesProtocols.swift */,
			);
			path = Protoclos;
			sourceTree = "<group>";
		};
		3838281E2998742C0056A7FA /* GenericComponents */ = {
			isa = PBXGroup;
			children = (
				383FF093299D940100654866 /* MovieConstants.swift */,
				383FF095299E89EB00654866 /* Helpers */,
				3838281F2998743E0056A7FA /* Cell */,
				383FF04D299D363C00654866 /* DateHeaderView */,
			);
			path = GenericComponents;
			sourceTree = "<group>";
		};
		3838281F2998743E0056A7FA /* Cell */ = {
			isa = PBXGroup;
			children = (
				38382821299874650056A7FA /* MovieCollectionCell.swift */,
				38382820299874650056A7FA /* MovieCollectionCell.xib */,
				383FF0A3299ED54A00654866 /* ReleatedMovieCollectionCell.swift */,
				383FF0A5299ED55200654866 /* ReleatedMovieCollectionCell.xib */,
			);
			path = Cell;
			sourceTree = "<group>";
		};
		383FF04D299D363C00654866 /* DateHeaderView */ = {
			isa = PBXGroup;
			children = (
				383FF04E299D363C00654866 /* DateHeaderView.xib */,
				383FF04F299D363C00654866 /* DateHeaderView.swift */,
			);
			path = DateHeaderView;
			sourceTree = "<group>";
		};
		383FF095299E89EB00654866 /* Helpers */ = {
			isa = PBXGroup;
			children = (
				383FF096299E8A0D00654866 /* UIImageExtension.swift */,
				38FD246D299EF47400420744 /* UIViewControllerExtension.swift */,
				38949E7329A3D0BA00A16926 /* StringExtension.swift */,
			);
			path = Helpers;
			sourceTree = "<group>";
		};
		C30893A128A2F42B004B1860 = {
			isa = PBXGroup;
			children = (
				C30893DA28A42481004B1860 /* README.md */,
				C383356D28CA917400FCE0D5 /* code-review-rubric.md */,
				C30893AC28A2F42B004B1860 /* BAZProject */,
				C30893AB28A2F42B004B1860 /* Products */,
			);
			sourceTree = "<group>";
		};
		C30893AB28A2F42B004B1860 /* Products */ = {
			isa = PBXGroup;
			children = (
				C30893AA28A2F42B004B1860 /* BAZProject.app */,
			);
			name = Products;
			sourceTree = "<group>";
		};
		C30893AC28A2F42B004B1860 /* BAZProject */ = {
			isa = PBXGroup;
			children = (
				3838281E2998742C0056A7FA /* GenericComponents */,
				383827EC299869F20056A7FA /* HomeMovies */,
				383827ED299869FD0056A7FA /* InformationMovies */,
				C30893AD28A2F42B004B1860 /* AppDelegate.swift */,
				C30893AF28A2F42B004B1860 /* SceneDelegate.swift */,
				C30893B828A2F42D004B1860 /* LaunchScreen.storyboard */,
				383FF09E299EC4BC00654866 /* Main.storyboard */,
				C30893B628A2F42D004B1860 /* Assets.xcassets */,
				C30893BB28A2F42D004B1860 /* Info.plist */,
			);
			path = BAZProject;
			sourceTree = "<group>";
		};
/* End PBXGroup section */

/* Begin PBXNativeTarget section */
		C30893A928A2F42B004B1860 /* BAZProject */ = {
			isa = PBXNativeTarget;
			buildConfigurationList = C30893BE28A2F42D004B1860 /* Build configuration list for PBXNativeTarget "BAZProject" */;
			buildPhases = (
				C30893A628A2F42B004B1860 /* Sources */,
				C30893A728A2F42B004B1860 /* Frameworks */,
				C30893A828A2F42B004B1860 /* Resources */,
			);
			buildRules = (
			);
			dependencies = (
			);
			name = BAZProject;
			productName = BAZProject;
			productReference = C30893AA28A2F42B004B1860 /* BAZProject.app */;
			productType = "com.apple.product-type.application";
		};
/* End PBXNativeTarget section */

/* Begin PBXProject section */
		C30893A228A2F42B004B1860 /* Project object */ = {
			isa = PBXProject;
			attributes = {
				BuildIndependentTargetsInParallel = 1;
				LastSwiftUpdateCheck = 1340;
				LastUpgradeCheck = 1340;
				TargetAttributes = {
					C30893A928A2F42B004B1860 = {
						CreatedOnToolsVersion = 13.4.1;
					};
				};
			};
			buildConfigurationList = C30893A528A2F42B004B1860 /* Build configuration list for PBXProject "BAZProject" */;
			compatibilityVersion = "Xcode 13.0";
			developmentRegion = en;
			hasScannedForEncodings = 0;
			knownRegions = (
				en,
				Base,
			);
			mainGroup = C30893A128A2F42B004B1860;
			productRefGroup = C30893AB28A2F42B004B1860 /* Products */;
			projectDirPath = "";
			projectRoot = "";
			targets = (
				C30893A928A2F42B004B1860 /* BAZProject */,
			);
		};
/* End PBXProject section */

/* Begin PBXResourcesBuildPhase section */
		C30893A828A2F42B004B1860 /* Resources */ = {
			isa = PBXResourcesBuildPhase;
			buildActionMask = 2147483647;
			files = (
				38382822299874650056A7FA /* MovieCollectionCell.xib in Resources */,
				C30893BA28A2F42D004B1860 /* LaunchScreen.storyboard in Resources */,
				383FF0A6299ED55200654866 /* ReleatedMovieCollectionCell.xib in Resources */,
				C30893DB28A42481004B1860 /* README.md in Resources */,
				C30893B728A2F42D004B1860 /* Assets.xcassets in Resources */,
				386D79C829988D5F00C862FF /* HomeMovies.storyboard in Resources */,
				C383356E28CA917400FCE0D5 /* code-review-rubric.md in Resources */,
				383FF0A0299EC4BC00654866 /* Main.storyboard in Resources */,
				383FF050299D363C00654866 /* DateHeaderView.xib in Resources */,
				383FF046299899AB00654866 /* InformationMoviesView.storyboard in Resources */,
			);
			runOnlyForDeploymentPostprocessing = 0;
		};
/* End PBXResourcesBuildPhase section */

/* Begin PBXSourcesBuildPhase section */
		C30893A628A2F42B004B1860 /* Sources */ = {
			isa = PBXSourcesBuildPhase;
			buildActionMask = 2147483647;
			files = (
				38382811299872020056A7FA /* InformationMoviesInteractor.swift in Sources */,
				383827FC29986EF80056A7FA /* HomeMovies.swift in Sources */,
				3838280F299871DA0056A7FA /* InformationMovieViewCollectionProtocolsExtension.swift in Sources */,
				C30893AE28A2F42B004B1860 /* AppDelegate.swift in Sources */,
				383FF094299D940100654866 /* MovieConstants.swift in Sources */,
				38382805299870190056A7FA /* HomeMoviesRemoteDataManager.swift in Sources */,
				383FF056299D591E00654866 /* HomeMoviesHelper.swift in Sources */,
				3838280229986FE80056A7FA /* HomeMoviesInteractor.swift in Sources */,
				38949E7629A3D21900A16926 /* MovieCell.swift in Sources */,
				383FF051299D363C00654866 /* DateHeaderView.swift in Sources */,
				3838280B299870DF0056A7FA /* HomeMoviesProtocols.swift in Sources */,
				383FF053299D46D200654866 /* HomeMoviesPickerExtension.swift in Sources */,
				38382815299872480056A7FA /* InformationMoviesPresenter.swift in Sources */,
				38949E7429A3D0BA00A16926 /* StringExtension.swift in Sources */,
				38FD246E299EF47400420744 /* UIViewControllerExtension.swift in Sources */,
				3838281B299872CB0056A7FA /* InformationMoviesProtocols.swift in Sources */,
				3838280029986FA90056A7FA /* HomeMoviesViewSearchExtension.swift in Sources */,
				C30893B028A2F42B004B1860 /* SceneDelegate.swift in Sources */,
				38382823299874650056A7FA /* MovieCollectionCell.swift in Sources */,
				38382813299872230056A7FA /* InformationMoviesRemoteDataManager.swift in Sources */,
				383827FE29986F6B0056A7FA /* HomeMoviesCollectionViewExtension.swift in Sources */,
				383FF097299E8A0D00654866 /* UIImageExtension.swift in Sources */,
				38382807299870610056A7FA /* HomeMoviesPresenter.swift in Sources */,
				3838280D299871940056A7FA /* InformationMoviesView.swift in Sources */,
				38382809299870C50056A7FA /* HomeMoviesRouter.swift in Sources */,
				38382817299872820056A7FA /* InformationMovie.swift in Sources */,
				383FF0A4299ED54A00654866 /* ReleatedMovieCollectionCell.swift in Sources */,
				383FF09D299EA85700654866 /* InformationMoviesHelper.swift in Sources */,
				38382819299872AA0056A7FA /* InformationMoviesRouter.swift in Sources */,
				C30893E328A425E1004B1860 /* Movie.swift in Sources */,
			);
			runOnlyForDeploymentPostprocessing = 0;
		};
/* End PBXSourcesBuildPhase section */

/* Begin PBXVariantGroup section */
		383FF09E299EC4BC00654866 /* Main.storyboard */ = {
			isa = PBXVariantGroup;
			children = (
				383FF09F299EC4BC00654866 /* Base */,
			);
			name = Main.storyboard;
			sourceTree = "<group>";
		};
		C30893B828A2F42D004B1860 /* LaunchScreen.storyboard */ = {
			isa = PBXVariantGroup;
			children = (
				C30893B928A2F42D004B1860 /* Base */,
			);
			name = LaunchScreen.storyboard;
			sourceTree = "<group>";
		};
/* End PBXVariantGroup section */

/* Begin XCBuildConfiguration section */
		C30893BC28A2F42D004B1860 /* Debug */ = {
			isa = XCBuildConfiguration;
			buildSettings = {
				ALWAYS_SEARCH_USER_PATHS = NO;
				CLANG_ANALYZER_NONNULL = YES;
				CLANG_ANALYZER_NUMBER_OBJECT_CONVERSION = YES_AGGRESSIVE;
				CLANG_CXX_LANGUAGE_STANDARD = "gnu++17";
				CLANG_ENABLE_MODULES = YES;
				CLANG_ENABLE_OBJC_ARC = YES;
				CLANG_ENABLE_OBJC_WEAK = YES;
				CLANG_WARN_BLOCK_CAPTURE_AUTORELEASING = YES;
				CLANG_WARN_BOOL_CONVERSION = YES;
				CLANG_WARN_COMMA = YES;
				CLANG_WARN_CONSTANT_CONVERSION = YES;
				CLANG_WARN_DEPRECATED_OBJC_IMPLEMENTATIONS = YES;
				CLANG_WARN_DIRECT_OBJC_ISA_USAGE = YES_ERROR;
				CLANG_WARN_DOCUMENTATION_COMMENTS = YES;
				CLANG_WARN_EMPTY_BODY = YES;
				CLANG_WARN_ENUM_CONVERSION = YES;
				CLANG_WARN_INFINITE_RECURSION = YES;
				CLANG_WARN_INT_CONVERSION = YES;
				CLANG_WARN_NON_LITERAL_NULL_CONVERSION = YES;
				CLANG_WARN_OBJC_IMPLICIT_RETAIN_SELF = YES;
				CLANG_WARN_OBJC_LITERAL_CONVERSION = YES;
				CLANG_WARN_OBJC_ROOT_CLASS = YES_ERROR;
				CLANG_WARN_QUOTED_INCLUDE_IN_FRAMEWORK_HEADER = YES;
				CLANG_WARN_RANGE_LOOP_ANALYSIS = YES;
				CLANG_WARN_STRICT_PROTOTYPES = YES;
				CLANG_WARN_SUSPICIOUS_MOVE = YES;
				CLANG_WARN_UNGUARDED_AVAILABILITY = YES_AGGRESSIVE;
				CLANG_WARN_UNREACHABLE_CODE = YES;
				CLANG_WARN__DUPLICATE_METHOD_MATCH = YES;
				COPY_PHASE_STRIP = NO;
				DEBUG_INFORMATION_FORMAT = dwarf;
				ENABLE_STRICT_OBJC_MSGSEND = YES;
				ENABLE_TESTABILITY = YES;
				GCC_C_LANGUAGE_STANDARD = gnu11;
				GCC_DYNAMIC_NO_PIC = NO;
				GCC_NO_COMMON_BLOCKS = YES;
				GCC_OPTIMIZATION_LEVEL = 0;
				GCC_PREPROCESSOR_DEFINITIONS = (
					"DEBUG=1",
					"$(inherited)",
				);
				GCC_WARN_64_TO_32_BIT_CONVERSION = YES;
				GCC_WARN_ABOUT_RETURN_TYPE = YES_ERROR;
				GCC_WARN_UNDECLARED_SELECTOR = YES;
				GCC_WARN_UNINITIALIZED_AUTOS = YES_AGGRESSIVE;
				GCC_WARN_UNUSED_FUNCTION = YES;
				GCC_WARN_UNUSED_VARIABLE = YES;
				IPHONEOS_DEPLOYMENT_TARGET = 14.0;
				MTL_ENABLE_DEBUG_INFO = INCLUDE_SOURCE;
				MTL_FAST_MATH = YES;
				ONLY_ACTIVE_ARCH = YES;
				SDKROOT = iphoneos;
				SWIFT_ACTIVE_COMPILATION_CONDITIONS = DEBUG;
				SWIFT_OPTIMIZATION_LEVEL = "-Onone";
			};
			name = Debug;
		};
		C30893BD28A2F42D004B1860 /* Release */ = {
			isa = XCBuildConfiguration;
			buildSettings = {
				ALWAYS_SEARCH_USER_PATHS = NO;
				CLANG_ANALYZER_NONNULL = YES;
				CLANG_ANALYZER_NUMBER_OBJECT_CONVERSION = YES_AGGRESSIVE;
				CLANG_CXX_LANGUAGE_STANDARD = "gnu++17";
				CLANG_ENABLE_MODULES = YES;
				CLANG_ENABLE_OBJC_ARC = YES;
				CLANG_ENABLE_OBJC_WEAK = YES;
				CLANG_WARN_BLOCK_CAPTURE_AUTORELEASING = YES;
				CLANG_WARN_BOOL_CONVERSION = YES;
				CLANG_WARN_COMMA = YES;
				CLANG_WARN_CONSTANT_CONVERSION = YES;
				CLANG_WARN_DEPRECATED_OBJC_IMPLEMENTATIONS = YES;
				CLANG_WARN_DIRECT_OBJC_ISA_USAGE = YES_ERROR;
				CLANG_WARN_DOCUMENTATION_COMMENTS = YES;
				CLANG_WARN_EMPTY_BODY = YES;
				CLANG_WARN_ENUM_CONVERSION = YES;
				CLANG_WARN_INFINITE_RECURSION = YES;
				CLANG_WARN_INT_CONVERSION = YES;
				CLANG_WARN_NON_LITERAL_NULL_CONVERSION = YES;
				CLANG_WARN_OBJC_IMPLICIT_RETAIN_SELF = YES;
				CLANG_WARN_OBJC_LITERAL_CONVERSION = YES;
				CLANG_WARN_OBJC_ROOT_CLASS = YES_ERROR;
				CLANG_WARN_QUOTED_INCLUDE_IN_FRAMEWORK_HEADER = YES;
				CLANG_WARN_RANGE_LOOP_ANALYSIS = YES;
				CLANG_WARN_STRICT_PROTOTYPES = YES;
				CLANG_WARN_SUSPICIOUS_MOVE = YES;
				CLANG_WARN_UNGUARDED_AVAILABILITY = YES_AGGRESSIVE;
				CLANG_WARN_UNREACHABLE_CODE = YES;
				CLANG_WARN__DUPLICATE_METHOD_MATCH = YES;
				COPY_PHASE_STRIP = NO;
				DEBUG_INFORMATION_FORMAT = "dwarf-with-dsym";
				ENABLE_NS_ASSERTIONS = NO;
				ENABLE_STRICT_OBJC_MSGSEND = YES;
				GCC_C_LANGUAGE_STANDARD = gnu11;
				GCC_NO_COMMON_BLOCKS = YES;
				GCC_WARN_64_TO_32_BIT_CONVERSION = YES;
				GCC_WARN_ABOUT_RETURN_TYPE = YES_ERROR;
				GCC_WARN_UNDECLARED_SELECTOR = YES;
				GCC_WARN_UNINITIALIZED_AUTOS = YES_AGGRESSIVE;
				GCC_WARN_UNUSED_FUNCTION = YES;
				GCC_WARN_UNUSED_VARIABLE = YES;
				IPHONEOS_DEPLOYMENT_TARGET = 14.0;
				MTL_ENABLE_DEBUG_INFO = NO;
				MTL_FAST_MATH = YES;
				SDKROOT = iphoneos;
				SWIFT_COMPILATION_MODE = wholemodule;
				SWIFT_OPTIMIZATION_LEVEL = "-O";
				VALIDATE_PRODUCT = YES;
			};
			name = Release;
		};
		C30893BF28A2F42D004B1860 /* Debug */ = {
			isa = XCBuildConfiguration;
			buildSettings = {
				ASSETCATALOG_COMPILER_APPICON_NAME = AppIcon;
				ASSETCATALOG_COMPILER_GLOBAL_ACCENT_COLOR_NAME = AccentColor;
				CODE_SIGN_STYLE = Automatic;
				CURRENT_PROJECT_VERSION = 1;
				GENERATE_INFOPLIST_FILE = YES;
				INFOPLIST_FILE = BAZProject/Info.plist;
				INFOPLIST_KEY_UIApplicationSupportsIndirectInputEvents = YES;
				INFOPLIST_KEY_UILaunchStoryboardName = LaunchScreen;
				INFOPLIST_KEY_UIMainStoryboardFile = Main;
				INFOPLIST_KEY_UISupportedInterfaceOrientations_iPad = "UIInterfaceOrientationPortrait UIInterfaceOrientationPortraitUpsideDown UIInterfaceOrientationLandscapeLeft UIInterfaceOrientationLandscapeRight";
				INFOPLIST_KEY_UISupportedInterfaceOrientations_iPhone = "UIInterfaceOrientationPortrait UIInterfaceOrientationLandscapeLeft UIInterfaceOrientationLandscapeRight";
				IPHONEOS_DEPLOYMENT_TARGET = 14.0;
				LD_RUNPATH_SEARCH_PATHS = (
					"$(inherited)",
					"@executable_path/Frameworks",
				);
				MARKETING_VERSION = 1.0;
				PRODUCT_BUNDLE_IDENTIFIER = com.wizeline.BAZProject;
				PRODUCT_NAME = "$(TARGET_NAME)";
				SWIFT_EMIT_LOC_STRINGS = YES;
				SWIFT_VERSION = 5.0;
				TARGETED_DEVICE_FAMILY = "1,2";
			};
			name = Debug;
		};
		C30893C028A2F42D004B1860 /* Release */ = {
			isa = XCBuildConfiguration;
			buildSettings = {
				ASSETCATALOG_COMPILER_APPICON_NAME = AppIcon;
				ASSETCATALOG_COMPILER_GLOBAL_ACCENT_COLOR_NAME = AccentColor;
				CODE_SIGN_STYLE = Automatic;
				CURRENT_PROJECT_VERSION = 1;
				GENERATE_INFOPLIST_FILE = YES;
				INFOPLIST_FILE = BAZProject/Info.plist;
				INFOPLIST_KEY_UIApplicationSupportsIndirectInputEvents = YES;
				INFOPLIST_KEY_UILaunchStoryboardName = LaunchScreen;
				INFOPLIST_KEY_UIMainStoryboardFile = Main;
				INFOPLIST_KEY_UISupportedInterfaceOrientations_iPad = "UIInterfaceOrientationPortrait UIInterfaceOrientationPortraitUpsideDown UIInterfaceOrientationLandscapeLeft UIInterfaceOrientationLandscapeRight";
				INFOPLIST_KEY_UISupportedInterfaceOrientations_iPhone = "UIInterfaceOrientationPortrait UIInterfaceOrientationLandscapeLeft UIInterfaceOrientationLandscapeRight";
				IPHONEOS_DEPLOYMENT_TARGET = 14.0;
				LD_RUNPATH_SEARCH_PATHS = (
					"$(inherited)",
					"@executable_path/Frameworks",
				);
				MARKETING_VERSION = 1.0;
				PRODUCT_BUNDLE_IDENTIFIER = com.wizeline.BAZProject;
				PRODUCT_NAME = "$(TARGET_NAME)";
				SWIFT_EMIT_LOC_STRINGS = YES;
				SWIFT_VERSION = 5.0;
				TARGETED_DEVICE_FAMILY = "1,2";
			};
			name = Release;
		};
/* End XCBuildConfiguration section */

/* Begin XCConfigurationList section */
		C30893A528A2F42B004B1860 /* Build configuration list for PBXProject "BAZProject" */ = {
			isa = XCConfigurationList;
			buildConfigurations = (
				C30893BC28A2F42D004B1860 /* Debug */,
				C30893BD28A2F42D004B1860 /* Release */,
			);
			defaultConfigurationIsVisible = 0;
			defaultConfigurationName = Release;
		};
		C30893BE28A2F42D004B1860 /* Build configuration list for PBXNativeTarget "BAZProject" */ = {
			isa = XCConfigurationList;
			buildConfigurations = (
				C30893BF28A2F42D004B1860 /* Debug */,
				C30893C028A2F42D004B1860 /* Release */,
			);
			defaultConfigurationIsVisible = 0;
			defaultConfigurationName = Release;
		};
/* End XCConfigurationList section */
	};
	rootObject = C30893A228A2F42B004B1860 /* Project object */;
}
