// !$*UTF8*$!
{
	archiveVersion = 1;
	classes = {
	};
	objectVersion = 55;
	objects = {

/* Begin PBXBuildFile section */
		C20BECC4299487ED0043E043 /* MSSearchManager.swift in Sources */ = {isa = PBXBuildFile; fileRef = C20BECC3299487ED0043E043 /* MSSearchManager.swift */; };
		C21F9F09299415F500953C50 /* MSMovieCollectionViewCell.swift in Sources */ = {isa = PBXBuildFile; fileRef = C21F9F07299415F500953C50 /* MSMovieCollectionViewCell.swift */; };
		C21F9F0A299415F500953C50 /* MSMovieCollectionViewCell.xib in Resources */ = {isa = PBXBuildFile; fileRef = C21F9F08299415F500953C50 /* MSMovieCollectionViewCell.xib */; };
		C21F9F0D2994162400953C50 /* MSCollectionManager.swift in Sources */ = {isa = PBXBuildFile; fileRef = C21F9F0C2994162400953C50 /* MSCollectionManager.swift */; };
		C22C48F1298303E90017472E /* MovieCategory.swift in Sources */ = {isa = PBXBuildFile; fileRef = C22C48F0298303E90017472E /* MovieCategory.swift */; };
		C2358457298B013F00BCCCEC /* WSError.swift in Sources */ = {isa = PBXBuildFile; fileRef = C2358456298B013F00BCCCEC /* WSError.swift */; };
		C24A7A21299554550024F5FE /* ImageSize.swift in Sources */ = {isa = PBXBuildFile; fileRef = C24A7A20299554550024F5FE /* ImageSize.swift */; };
		C2645588298D7AEF0000CC0B /* MovieListView.swift in Sources */ = {isa = PBXBuildFile; fileRef = C2645586298D7AEF0000CC0B /* MovieListView.swift */; };
		C2645589298D7AEF0000CC0B /* MovieListView.xib in Resources */ = {isa = PBXBuildFile; fileRef = C2645587298D7AEF0000CC0B /* MovieListView.xib */; };
		C264558D298D7BF30000CC0B /* MLPresenter.swift in Sources */ = {isa = PBXBuildFile; fileRef = C264558C298D7BF30000CC0B /* MLPresenter.swift */; };
		C264558F298D7CBB0000CC0B /* MLInteractor.swift in Sources */ = {isa = PBXBuildFile; fileRef = C264558E298D7CBB0000CC0B /* MLInteractor.swift */; };
		C2645593298D7DD90000CC0B /* MLRouter.swift in Sources */ = {isa = PBXBuildFile; fileRef = C2645592298D7DD90000CC0B /* MLRouter.swift */; };
		C2645595298D7E510000CC0B /* MLProviderProtocol.swift in Sources */ = {isa = PBXBuildFile; fileRef = C2645594298D7E510000CC0B /* MLProviderProtocol.swift */; };
		C2A877A52995895A0045EC1B /* MovieListDelegate.swift in Sources */ = {isa = PBXBuildFile; fileRef = C2A877A42995895A0045EC1B /* MovieListDelegate.swift */; };
		C2AEBBB12992CC81009B3EEE /* MLTableViewManagement.swift in Sources */ = {isa = PBXBuildFile; fileRef = C2AEBBB02992CC81009B3EEE /* MLTableViewManagement.swift */; };
		C2AEBBBB299306C6009B3EEE /* MovieCategories.swift in Sources */ = {isa = PBXBuildFile; fileRef = C2AEBBBA299306C6009B3EEE /* MovieCategories.swift */; };
		C2AEBBBF29930AB6009B3EEE /* MovieDetailView.swift in Sources */ = {isa = PBXBuildFile; fileRef = C2AEBBBD29930AB6009B3EEE /* MovieDetailView.swift */; };
		C2AEBBC029930AB6009B3EEE /* MovieDetailView.xib in Resources */ = {isa = PBXBuildFile; fileRef = C2AEBBBE29930AB6009B3EEE /* MovieDetailView.xib */; };
		C2AEBBC429931AE0009B3EEE /* MDInteractor.swift in Sources */ = {isa = PBXBuildFile; fileRef = C2AEBBC329931AE0009B3EEE /* MDInteractor.swift */; };
		C2AEBBCA29931BAC009B3EEE /* MDPresenter.swift in Sources */ = {isa = PBXBuildFile; fileRef = C2AEBBC929931BAC009B3EEE /* MDPresenter.swift */; };
		C2AEBBCC29931BFD009B3EEE /* MDRouter.swift in Sources */ = {isa = PBXBuildFile; fileRef = C2AEBBCB29931BFD009B3EEE /* MDRouter.swift */; };
		C2BDDEA929881C5400A02E62 /* MoviesList.swift in Sources */ = {isa = PBXBuildFile; fileRef = C2BDDEA829881C5400A02E62 /* MoviesList.swift */; };
		C2BDDEAD298868D600A02E62 /* WSRequestProtocol.swift in Sources */ = {isa = PBXBuildFile; fileRef = C2BDDEAC298868D600A02E62 /* WSRequestProtocol.swift */; };
		C2BDDEB229888A0100A02E62 /* MovieTableViewCell.swift in Sources */ = {isa = PBXBuildFile; fileRef = C2BDDEB029888A0100A02E62 /* MovieTableViewCell.swift */; };
		C2BDDEB329888A0100A02E62 /* MovieTableViewCell.xib in Resources */ = {isa = PBXBuildFile; fileRef = C2BDDEB129888A0100A02E62 /* MovieTableViewCell.xib */; };
		C2D763352993EA0100E5303D /* MovieSearchView.swift in Sources */ = {isa = PBXBuildFile; fileRef = C2D763332993EA0100E5303D /* MovieSearchView.swift */; };
		C2D763362993EA0100E5303D /* MovieSearchView.xib in Resources */ = {isa = PBXBuildFile; fileRef = C2D763342993EA0100E5303D /* MovieSearchView.xib */; };
		C2D763382993EABC00E5303D /* MSRouter.swift in Sources */ = {isa = PBXBuildFile; fileRef = C2D763372993EABC00E5303D /* MSRouter.swift */; };
		C2D7633A2993ED4700E5303D /* MSPresenter.swift in Sources */ = {isa = PBXBuildFile; fileRef = C2D763392993ED4700E5303D /* MSPresenter.swift */; };
		C2D7633C2993F85C00E5303D /* MSInteractor.swift in Sources */ = {isa = PBXBuildFile; fileRef = C2D7633B2993F85C00E5303D /* MSInteractor.swift */; };
		C2D763442993FAA400E5303D /* MSEntity.swift in Sources */ = {isa = PBXBuildFile; fileRef = C2D763432993FAA400E5303D /* MSEntity.swift */; };
		C2D763472993FB9F00E5303D /* MSProviderProtocol.swift in Sources */ = {isa = PBXBuildFile; fileRef = C2D763462993FB9F00E5303D /* MSProviderProtocol.swift */; };
		C2D763492993FBD100E5303D /* MovieSearchProvider.swift in Sources */ = {isa = PBXBuildFile; fileRef = C2D763482993FBD100E5303D /* MovieSearchProvider.swift */; };
		C2D7634B2994074000E5303D /* MovieAPI.swift in Sources */ = {isa = PBXBuildFile; fileRef = C2D7634A2994074000E5303D /* MovieAPI.swift */; };
		C2D9DCE0298C10F200E42D28 /* StringExtension.swift in Sources */ = {isa = PBXBuildFile; fileRef = C2D9DCDF298C10F200E42D28 /* StringExtension.swift */; };
		C2EFF03A2996ECEE00BD340E /* MovieListProtocols.swift in Sources */ = {isa = PBXBuildFile; fileRef = C2EFF0392996ECEE00BD340E /* MovieListProtocols.swift */; };
		C2EFF03C29971E0200BD340E /* MovieDetailProtocols.swift in Sources */ = {isa = PBXBuildFile; fileRef = C2EFF03B29971E0200BD340E /* MovieDetailProtocols.swift */; };
		C2EFF03E2997221800BD340E /* MovieSearchProtocols.swift in Sources */ = {isa = PBXBuildFile; fileRef = C2EFF03D2997221800BD340E /* MovieSearchProtocols.swift */; };
		C30893AE28A2F42B004B1860 /* AppDelegate.swift in Sources */ = {isa = PBXBuildFile; fileRef = C30893AD28A2F42B004B1860 /* AppDelegate.swift */; };
		C30893B028A2F42B004B1860 /* SceneDelegate.swift in Sources */ = {isa = PBXBuildFile; fileRef = C30893AF28A2F42B004B1860 /* SceneDelegate.swift */; };
		C30893B728A2F42D004B1860 /* Assets.xcassets in Resources */ = {isa = PBXBuildFile; fileRef = C30893B628A2F42D004B1860 /* Assets.xcassets */; };
		C30893BA28A2F42D004B1860 /* LaunchScreen.storyboard in Resources */ = {isa = PBXBuildFile; fileRef = C30893B828A2F42D004B1860 /* LaunchScreen.storyboard */; };
		C30893DB28A42481004B1860 /* README.md in Resources */ = {isa = PBXBuildFile; fileRef = C30893DA28A42481004B1860 /* README.md */; };
		C30893E228A425E1004B1860 /* MovieProvider.swift in Sources */ = {isa = PBXBuildFile; fileRef = C30893E028A425E1004B1860 /* MovieProvider.swift */; };
		C30893E328A425E1004B1860 /* Movie.swift in Sources */ = {isa = PBXBuildFile; fileRef = C30893E128A425E1004B1860 /* Movie.swift */; };
		C383356E28CA917400FCE0D5 /* code-review-rubric.md in Resources */ = {isa = PBXBuildFile; fileRef = C383356D28CA917400FCE0D5 /* code-review-rubric.md */; };
/* End PBXBuildFile section */

/* Begin PBXFileReference section */
		C20BECC3299487ED0043E043 /* MSSearchManager.swift */ = {isa = PBXFileReference; lastKnownFileType = sourcecode.swift; path = MSSearchManager.swift; sourceTree = "<group>"; };
		C21F9F07299415F500953C50 /* MSMovieCollectionViewCell.swift */ = {isa = PBXFileReference; lastKnownFileType = sourcecode.swift; path = MSMovieCollectionViewCell.swift; sourceTree = "<group>"; };
		C21F9F08299415F500953C50 /* MSMovieCollectionViewCell.xib */ = {isa = PBXFileReference; lastKnownFileType = file.xib; path = MSMovieCollectionViewCell.xib; sourceTree = "<group>"; };
		C21F9F0C2994162400953C50 /* MSCollectionManager.swift */ = {isa = PBXFileReference; lastKnownFileType = sourcecode.swift; path = MSCollectionManager.swift; sourceTree = "<group>"; };
		C22C48F0298303E90017472E /* MovieCategory.swift */ = {isa = PBXFileReference; lastKnownFileType = sourcecode.swift; path = MovieCategory.swift; sourceTree = "<group>"; };
		C2358456298B013F00BCCCEC /* WSError.swift */ = {isa = PBXFileReference; lastKnownFileType = sourcecode.swift; path = WSError.swift; sourceTree = "<group>"; };
		C24A7A20299554550024F5FE /* ImageSize.swift */ = {isa = PBXFileReference; lastKnownFileType = sourcecode.swift; path = ImageSize.swift; sourceTree = "<group>"; };
		C2645586298D7AEF0000CC0B /* MovieListView.swift */ = {isa = PBXFileReference; lastKnownFileType = sourcecode.swift; path = MovieListView.swift; sourceTree = "<group>"; };
		C2645587298D7AEF0000CC0B /* MovieListView.xib */ = {isa = PBXFileReference; lastKnownFileType = file.xib; path = MovieListView.xib; sourceTree = "<group>"; };
		C264558C298D7BF30000CC0B /* MLPresenter.swift */ = {isa = PBXFileReference; lastKnownFileType = sourcecode.swift; path = MLPresenter.swift; sourceTree = "<group>"; };
		C264558E298D7CBB0000CC0B /* MLInteractor.swift */ = {isa = PBXFileReference; lastKnownFileType = sourcecode.swift; path = MLInteractor.swift; sourceTree = "<group>"; };
		C2645592298D7DD90000CC0B /* MLRouter.swift */ = {isa = PBXFileReference; lastKnownFileType = sourcecode.swift; path = MLRouter.swift; sourceTree = "<group>"; };
		C2645594298D7E510000CC0B /* MLProviderProtocol.swift */ = {isa = PBXFileReference; lastKnownFileType = sourcecode.swift; path = MLProviderProtocol.swift; sourceTree = "<group>"; };
		C2A877A42995895A0045EC1B /* MovieListDelegate.swift */ = {isa = PBXFileReference; lastKnownFileType = sourcecode.swift; path = MovieListDelegate.swift; sourceTree = "<group>"; };
		C2AEBBB02992CC81009B3EEE /* MLTableViewManagement.swift */ = {isa = PBXFileReference; lastKnownFileType = sourcecode.swift; path = MLTableViewManagement.swift; sourceTree = "<group>"; };
		C2AEBBBA299306C6009B3EEE /* MovieCategories.swift */ = {isa = PBXFileReference; lastKnownFileType = sourcecode.swift; path = MovieCategories.swift; sourceTree = "<group>"; };
		C2AEBBBD29930AB6009B3EEE /* MovieDetailView.swift */ = {isa = PBXFileReference; lastKnownFileType = sourcecode.swift; path = MovieDetailView.swift; sourceTree = "<group>"; };
		C2AEBBBE29930AB6009B3EEE /* MovieDetailView.xib */ = {isa = PBXFileReference; lastKnownFileType = file.xib; path = MovieDetailView.xib; sourceTree = "<group>"; };
		C2AEBBC329931AE0009B3EEE /* MDInteractor.swift */ = {isa = PBXFileReference; lastKnownFileType = sourcecode.swift; path = MDInteractor.swift; sourceTree = "<group>"; };
		C2AEBBC929931BAC009B3EEE /* MDPresenter.swift */ = {isa = PBXFileReference; lastKnownFileType = sourcecode.swift; path = MDPresenter.swift; sourceTree = "<group>"; };
		C2AEBBCB29931BFD009B3EEE /* MDRouter.swift */ = {isa = PBXFileReference; lastKnownFileType = sourcecode.swift; path = MDRouter.swift; sourceTree = "<group>"; };
		C2BDDEA829881C5400A02E62 /* MoviesList.swift */ = {isa = PBXFileReference; lastKnownFileType = sourcecode.swift; path = MoviesList.swift; sourceTree = "<group>"; };
		C2BDDEAC298868D600A02E62 /* WSRequestProtocol.swift */ = {isa = PBXFileReference; lastKnownFileType = sourcecode.swift; path = WSRequestProtocol.swift; sourceTree = "<group>"; };
		C2BDDEB029888A0100A02E62 /* MovieTableViewCell.swift */ = {isa = PBXFileReference; lastKnownFileType = sourcecode.swift; path = MovieTableViewCell.swift; sourceTree = "<group>"; };
		C2BDDEB129888A0100A02E62 /* MovieTableViewCell.xib */ = {isa = PBXFileReference; lastKnownFileType = file.xib; path = MovieTableViewCell.xib; sourceTree = "<group>"; };
		C2D763332993EA0100E5303D /* MovieSearchView.swift */ = {isa = PBXFileReference; lastKnownFileType = sourcecode.swift; path = MovieSearchView.swift; sourceTree = "<group>"; };
		C2D763342993EA0100E5303D /* MovieSearchView.xib */ = {isa = PBXFileReference; lastKnownFileType = file.xib; path = MovieSearchView.xib; sourceTree = "<group>"; };
		C2D763372993EABC00E5303D /* MSRouter.swift */ = {isa = PBXFileReference; lastKnownFileType = sourcecode.swift; path = MSRouter.swift; sourceTree = "<group>"; };
		C2D763392993ED4700E5303D /* MSPresenter.swift */ = {isa = PBXFileReference; lastKnownFileType = sourcecode.swift; path = MSPresenter.swift; sourceTree = "<group>"; };
		C2D7633B2993F85C00E5303D /* MSInteractor.swift */ = {isa = PBXFileReference; lastKnownFileType = sourcecode.swift; path = MSInteractor.swift; sourceTree = "<group>"; };
		C2D763432993FAA400E5303D /* MSEntity.swift */ = {isa = PBXFileReference; lastKnownFileType = sourcecode.swift; path = MSEntity.swift; sourceTree = "<group>"; };
		C2D763462993FB9F00E5303D /* MSProviderProtocol.swift */ = {isa = PBXFileReference; lastKnownFileType = sourcecode.swift; path = MSProviderProtocol.swift; sourceTree = "<group>"; };
		C2D763482993FBD100E5303D /* MovieSearchProvider.swift */ = {isa = PBXFileReference; lastKnownFileType = sourcecode.swift; path = MovieSearchProvider.swift; sourceTree = "<group>"; };
		C2D7634A2994074000E5303D /* MovieAPI.swift */ = {isa = PBXFileReference; lastKnownFileType = sourcecode.swift; path = MovieAPI.swift; sourceTree = "<group>"; };
		C2D9DCDF298C10F200E42D28 /* StringExtension.swift */ = {isa = PBXFileReference; lastKnownFileType = sourcecode.swift; path = StringExtension.swift; sourceTree = "<group>"; };
		C2EFF0392996ECEE00BD340E /* MovieListProtocols.swift */ = {isa = PBXFileReference; lastKnownFileType = sourcecode.swift; path = MovieListProtocols.swift; sourceTree = "<group>"; };
		C2EFF03B29971E0200BD340E /* MovieDetailProtocols.swift */ = {isa = PBXFileReference; lastKnownFileType = sourcecode.swift; path = MovieDetailProtocols.swift; sourceTree = "<group>"; };
		C2EFF03D2997221800BD340E /* MovieSearchProtocols.swift */ = {isa = PBXFileReference; lastKnownFileType = sourcecode.swift; path = MovieSearchProtocols.swift; sourceTree = "<group>"; };
		C30893AA28A2F42B004B1860 /* BAZProject.app */ = {isa = PBXFileReference; explicitFileType = wrapper.application; includeInIndex = 0; path = BAZProject.app; sourceTree = BUILT_PRODUCTS_DIR; };
		C30893AD28A2F42B004B1860 /* AppDelegate.swift */ = {isa = PBXFileReference; lastKnownFileType = sourcecode.swift; path = AppDelegate.swift; sourceTree = "<group>"; };
		C30893AF28A2F42B004B1860 /* SceneDelegate.swift */ = {isa = PBXFileReference; lastKnownFileType = sourcecode.swift; path = SceneDelegate.swift; sourceTree = "<group>"; };
		C30893B628A2F42D004B1860 /* Assets.xcassets */ = {isa = PBXFileReference; lastKnownFileType = folder.assetcatalog; path = Assets.xcassets; sourceTree = "<group>"; };
		C30893B928A2F42D004B1860 /* Base */ = {isa = PBXFileReference; lastKnownFileType = file.storyboard; name = Base; path = Base.lproj/LaunchScreen.storyboard; sourceTree = "<group>"; };
		C30893BB28A2F42D004B1860 /* Info.plist */ = {isa = PBXFileReference; lastKnownFileType = text.plist.xml; path = Info.plist; sourceTree = "<group>"; };
		C30893DA28A42481004B1860 /* README.md */ = {isa = PBXFileReference; fileEncoding = 4; lastKnownFileType = net.daringfireball.markdown; path = README.md; sourceTree = "<group>"; };
		C30893E028A425E1004B1860 /* MovieProvider.swift */ = {isa = PBXFileReference; fileEncoding = 4; lastKnownFileType = sourcecode.swift; path = MovieProvider.swift; sourceTree = "<group>"; };
		C30893E128A425E1004B1860 /* Movie.swift */ = {isa = PBXFileReference; fileEncoding = 4; lastKnownFileType = sourcecode.swift; path = Movie.swift; sourceTree = "<group>"; };
		C383356D28CA917400FCE0D5 /* code-review-rubric.md */ = {isa = PBXFileReference; fileEncoding = 4; lastKnownFileType = net.daringfireball.markdown; path = "code-review-rubric.md"; sourceTree = "<group>"; };
/* End PBXFileReference section */

/* Begin PBXFrameworksBuildPhase section */
		C30893A728A2F42B004B1860 /* Frameworks */ = {
			isa = PBXFrameworksBuildPhase;
			buildActionMask = 2147483647;
			files = (
			);
			runOnlyForDeploymentPostprocessing = 0;
		};
/* End PBXFrameworksBuildPhase section */

/* Begin PBXGroup section */
		C20BECC2299487CB0043E043 /* MSSeakerManagement */ = {
			isa = PBXGroup;
			children = (
				C20BECC3299487ED0043E043 /* MSSearchManager.swift */,
			);
			path = MSSeakerManagement;
			sourceTree = "<group>";
		};
		C21F9F06299415BB00953C50 /* CollectionManagement */ = {
			isa = PBXGroup;
			children = (
				C21F9F0C2994162400953C50 /* MSCollectionManager.swift */,
				C21F9F0B2994160800953C50 /* MSMovieCell */,
			);
			path = CollectionManagement;
			sourceTree = "<group>";
		};
		C21F9F0B2994160800953C50 /* MSMovieCell */ = {
			isa = PBXGroup;
			children = (
				C21F9F07299415F500953C50 /* MSMovieCollectionViewCell.swift */,
				C21F9F08299415F500953C50 /* MSMovieCollectionViewCell.xib */,
			);
			path = MSMovieCell;
			sourceTree = "<group>";
		};
		C22C48EF298303680017472E /* Utilities */ = {
			isa = PBXGroup;
			children = (
				C22C48F0298303E90017472E /* MovieCategory.swift */,
				C2BDDEAC298868D600A02E62 /* WSRequestProtocol.swift */,
				C2358456298B013F00BCCCEC /* WSError.swift */,
				C2D7634A2994074000E5303D /* MovieAPI.swift */,
				C24A7A20299554550024F5FE /* ImageSize.swift */,
			);
			path = Utilities;
			sourceTree = "<group>";
		};
		C24F67022993374400F126E0 /* MovieSeaker */ = {
			isa = PBXGroup;
			children = (
				C2EFF03D2997221800BD340E /* MovieSearchProtocols.swift */,
				C2D763452993FB8100E5303D /* Providers */,
				C2D763322993E9B900E5303D /* View */,
				C2D763312993E9A600E5303D /* Interactor */,
				C2D763302993E99500E5303D /* Presenter */,
				C2D7632F2993E98700E5303D /* Entity */,
				C2D7632E2993E98000E5303D /* Router */,
			);
			path = MovieSeaker;
			sourceTree = "<group>";
		};
		C2645581298D7A610000CC0B /* Router */ = {
			isa = PBXGroup;
			children = (
				C2645592298D7DD90000CC0B /* MLRouter.swift */,
			);
			path = Router;
			sourceTree = "<group>";
		};
		C2645582298D7A6F0000CC0B /* Entity */ = {
			isa = PBXGroup;
			children = (
				C30893E128A425E1004B1860 /* Movie.swift */,
				C2BDDEA829881C5400A02E62 /* MoviesList.swift */,
			);
			path = Entity;
			sourceTree = "<group>";
		};
		C2645583298D7A7C0000CC0B /* Presenter */ = {
			isa = PBXGroup;
			children = (
				C264558C298D7BF30000CC0B /* MLPresenter.swift */,
			);
			path = Presenter;
			sourceTree = "<group>";
		};
		C2645584298D7A890000CC0B /* Interactor */ = {
			isa = PBXGroup;
			children = (
				C264558E298D7CBB0000CC0B /* MLInteractor.swift */,
			);
			path = Interactor;
			sourceTree = "<group>";
		};
		C2645585298D7A9D0000CC0B /* View */ = {
			isa = PBXGroup;
			children = (
				C2645586298D7AEF0000CC0B /* MovieListView.swift */,
				C2645587298D7AEF0000CC0B /* MovieListView.xib */,
				C2AEBBAF2992CB40009B3EEE /* MLTableViewManagement */,
			);
			path = View;
			sourceTree = "<group>";
		};
		C2AEBBAF2992CB40009B3EEE /* MLTableViewManagement */ = {
			isa = PBXGroup;
			children = (
				C2A877A42995895A0045EC1B /* MovieListDelegate.swift */,
				C2AEBBB02992CC81009B3EEE /* MLTableViewManagement.swift */,
				C2BDDEAF298889B800A02E62 /* MovieCell */,
			);
			path = MLTableViewManagement;
			sourceTree = "<group>";
		};
		C2AEBBB22992D6C8009B3EEE /* MovieCategories */ = {
			isa = PBXGroup;
			children = (
				C2AEBBBA299306C6009B3EEE /* MovieCategories.swift */,
			);
			path = MovieCategories;
			sourceTree = "<group>";
		};
		C2AEBBB32992D6E7009B3EEE /* Router */ = {
			isa = PBXGroup;
			children = (
				C2AEBBCB29931BFD009B3EEE /* MDRouter.swift */,
			);
			path = Router;
			sourceTree = "<group>";
		};
		C2AEBBB42992D6F0009B3EEE /* Presenter */ = {
			isa = PBXGroup;
			children = (
				C2AEBBC929931BAC009B3EEE /* MDPresenter.swift */,
			);
			path = Presenter;
			sourceTree = "<group>";
		};
		C2AEBBB62992D709009B3EEE /* Interactor */ = {
			isa = PBXGroup;
			children = (
				C2AEBBC329931AE0009B3EEE /* MDInteractor.swift */,
			);
			path = Interactor;
			sourceTree = "<group>";
		};
		C2AEBBB72992D715009B3EEE /* View */ = {
			isa = PBXGroup;
			children = (
				C2AEBBBD29930AB6009B3EEE /* MovieDetailView.swift */,
				C2AEBBBE29930AB6009B3EEE /* MovieDetailView.xib */,
			);
			path = View;
			sourceTree = "<group>";
		};
		C2AEBBBC299307EE009B3EEE /* MovieDetail */ = {
			isa = PBXGroup;
			children = (
				C2EFF03B29971E0200BD340E /* MovieDetailProtocols.swift */,
				C2AEBBB72992D715009B3EEE /* View */,
				C2AEBBB62992D709009B3EEE /* Interactor */,
				C2AEBBB42992D6F0009B3EEE /* Presenter */,
				C2AEBBB32992D6E7009B3EEE /* Router */,
			);
			path = MovieDetail;
			sourceTree = "<group>";
		};
		C2BDDEAE2988895B00A02E62 /* MovieList */ = {
			isa = PBXGroup;
			children = (
				C30893E028A425E1004B1860 /* MovieProvider.swift */,
				C2645594298D7E510000CC0B /* MLProviderProtocol.swift */,
				C2EFF0392996ECEE00BD340E /* MovieListProtocols.swift */,
				C2645585298D7A9D0000CC0B /* View */,
				C2645584298D7A890000CC0B /* Interactor */,
				C2645583298D7A7C0000CC0B /* Presenter */,
				C2645582298D7A6F0000CC0B /* Entity */,
				C2645581298D7A610000CC0B /* Router */,
			);
			path = MovieList;
			sourceTree = "<group>";
		};
		C2BDDEAF298889B800A02E62 /* MovieCell */ = {
			isa = PBXGroup;
			children = (
				C2BDDEB029888A0100A02E62 /* MovieTableViewCell.swift */,
				C2BDDEB129888A0100A02E62 /* MovieTableViewCell.xib */,
			);
			path = MovieCell;
			sourceTree = "<group>";
		};
		C2D7632E2993E98000E5303D /* Router */ = {
			isa = PBXGroup;
			children = (
				C2D763372993EABC00E5303D /* MSRouter.swift */,
			);
			path = Router;
			sourceTree = "<group>";
		};
		C2D7632F2993E98700E5303D /* Entity */ = {
			isa = PBXGroup;
			children = (
				C2D763432993FAA400E5303D /* MSEntity.swift */,
			);
			path = Entity;
			sourceTree = "<group>";
		};
		C2D763302993E99500E5303D /* Presenter */ = {
			isa = PBXGroup;
			children = (
				C2D763392993ED4700E5303D /* MSPresenter.swift */,
			);
			path = Presenter;
			sourceTree = "<group>";
		};
		C2D763312993E9A600E5303D /* Interactor */ = {
			isa = PBXGroup;
			children = (
				C2D7633B2993F85C00E5303D /* MSInteractor.swift */,
			);
			path = Interactor;
			sourceTree = "<group>";
		};
		C2D763322993E9B900E5303D /* View */ = {
			isa = PBXGroup;
			children = (
				C2D763332993EA0100E5303D /* MovieSearchView.swift */,
				C2D763342993EA0100E5303D /* MovieSearchView.xib */,
				C20BECC2299487CB0043E043 /* MSSeakerManagement */,
				C21F9F06299415BB00953C50 /* CollectionManagement */,
			);
			path = View;
			sourceTree = "<group>";
		};
		C2D763452993FB8100E5303D /* Providers */ = {
			isa = PBXGroup;
			children = (
				C2D763482993FBD100E5303D /* MovieSearchProvider.swift */,
				C2D763462993FB9F00E5303D /* MSProviderProtocol.swift */,
			);
			path = Providers;
			sourceTree = "<group>";
		};
		C2D9DCDE298C10D400E42D28 /* Extensions */ = {
			isa = PBXGroup;
			children = (
				C2D9DCDF298C10F200E42D28 /* StringExtension.swift */,
			);
			path = Extensions;
			sourceTree = "<group>";
		};
		C30893A128A2F42B004B1860 = {
			isa = PBXGroup;
			children = (
				C30893DA28A42481004B1860 /* README.md */,
				C383356D28CA917400FCE0D5 /* code-review-rubric.md */,
				C30893AC28A2F42B004B1860 /* BAZProject */,
				C30893AB28A2F42B004B1860 /* Products */,
			);
			sourceTree = "<group>";
		};
		C30893AB28A2F42B004B1860 /* Products */ = {
			isa = PBXGroup;
			children = (
				C30893AA28A2F42B004B1860 /* BAZProject.app */,
			);
			name = Products;
			sourceTree = "<group>";
		};
		C30893AC28A2F42B004B1860 /* BAZProject */ = {
			isa = PBXGroup;
			children = (
				C30893AD28A2F42B004B1860 /* AppDelegate.swift */,
				C30893AF28A2F42B004B1860 /* SceneDelegate.swift */,
				C30893B828A2F42D004B1860 /* LaunchScreen.storyboard */,
				C30893B628A2F42D004B1860 /* Assets.xcassets */,
				C30893BB28A2F42D004B1860 /* Info.plist */,
				C2D9DCDE298C10D400E42D28 /* Extensions */,
				C2BDDEAE2988895B00A02E62 /* MovieList */,
				C2AEBBB22992D6C8009B3EEE /* MovieCategories */,
				C2AEBBBC299307EE009B3EEE /* MovieDetail */,
				C24F67022993374400F126E0 /* MovieSeaker */,
				C22C48EF298303680017472E /* Utilities */,
			);
			path = BAZProject;
			sourceTree = "<group>";
		};
/* End PBXGroup section */

/* Begin PBXNativeTarget section */
		C30893A928A2F42B004B1860 /* BAZProject */ = {
			isa = PBXNativeTarget;
			buildConfigurationList = C30893BE28A2F42D004B1860 /* Build configuration list for PBXNativeTarget "BAZProject" */;
			buildPhases = (
				C30893A628A2F42B004B1860 /* Sources */,
				C30893A728A2F42B004B1860 /* Frameworks */,
				C30893A828A2F42B004B1860 /* Resources */,
			);
			buildRules = (
			);
			dependencies = (
			);
			name = BAZProject;
			productName = BAZProject;
			productReference = C30893AA28A2F42B004B1860 /* BAZProject.app */;
			productType = "com.apple.product-type.application";
		};
/* End PBXNativeTarget section */

/* Begin PBXProject section */
		C30893A228A2F42B004B1860 /* Project object */ = {
			isa = PBXProject;
			attributes = {
				BuildIndependentTargetsInParallel = 1;
				LastSwiftUpdateCheck = 1340;
				LastUpgradeCheck = 1340;
				TargetAttributes = {
					C30893A928A2F42B004B1860 = {
						CreatedOnToolsVersion = 13.4.1;
					};
				};
			};
			buildConfigurationList = C30893A528A2F42B004B1860 /* Build configuration list for PBXProject "BAZProject" */;
			compatibilityVersion = "Xcode 13.0";
			developmentRegion = en;
			hasScannedForEncodings = 0;
			knownRegions = (
				en,
				Base,
			);
			mainGroup = C30893A128A2F42B004B1860;
			productRefGroup = C30893AB28A2F42B004B1860 /* Products */;
			projectDirPath = "";
			projectRoot = "";
			targets = (
				C30893A928A2F42B004B1860 /* BAZProject */,
			);
		};
/* End PBXProject section */

/* Begin PBXResourcesBuildPhase section */
		C30893A828A2F42B004B1860 /* Resources */ = {
			isa = PBXResourcesBuildPhase;
			buildActionMask = 2147483647;
			files = (
				C2645589298D7AEF0000CC0B /* MovieListView.xib in Resources */,
				C30893BA28A2F42D004B1860 /* LaunchScreen.storyboard in Resources */,
				C2D763362993EA0100E5303D /* MovieSearchView.xib in Resources */,
				C30893DB28A42481004B1860 /* README.md in Resources */,
				C2BDDEB329888A0100A02E62 /* MovieTableViewCell.xib in Resources */,
				C30893B728A2F42D004B1860 /* Assets.xcassets in Resources */,
				C2AEBBC029930AB6009B3EEE /* MovieDetailView.xib in Resources */,
				C383356E28CA917400FCE0D5 /* code-review-rubric.md in Resources */,
				C21F9F0A299415F500953C50 /* MSMovieCollectionViewCell.xib in Resources */,
			);
			runOnlyForDeploymentPostprocessing = 0;
		};
/* End PBXResourcesBuildPhase section */

/* Begin PBXSourcesBuildPhase section */
		C30893A628A2F42B004B1860 /* Sources */ = {
			isa = PBXSourcesBuildPhase;
			buildActionMask = 2147483647;
			files = (
				C2D763442993FAA400E5303D /* MSEntity.swift in Sources */,
				C2BDDEB229888A0100A02E62 /* MovieTableViewCell.swift in Sources */,
				C20BECC4299487ED0043E043 /* MSSearchManager.swift in Sources */,
				C2D763472993FB9F00E5303D /* MSProviderProtocol.swift in Sources */,
				C30893AE28A2F42B004B1860 /* AppDelegate.swift in Sources */,
				C2D763492993FBD100E5303D /* MovieSearchProvider.swift in Sources */,
				C2645593298D7DD90000CC0B /* MLRouter.swift in Sources */,
				C2A877A52995895A0045EC1B /* MovieListDelegate.swift in Sources */,
				C2645595298D7E510000CC0B /* MLProviderProtocol.swift in Sources */,
				C2AEBBBF29930AB6009B3EEE /* MovieDetailView.swift in Sources */,
				C21F9F09299415F500953C50 /* MSMovieCollectionViewCell.swift in Sources */,
				C2AEBBB12992CC81009B3EEE /* MLTableViewManagement.swift in Sources */,
				C2BDDEAD298868D600A02E62 /* WSRequestProtocol.swift in Sources */,
				C30893B028A2F42B004B1860 /* SceneDelegate.swift in Sources */,
				C2D7634B2994074000E5303D /* MovieAPI.swift in Sources */,
				C2AEBBCA29931BAC009B3EEE /* MDPresenter.swift in Sources */,
				C2645588298D7AEF0000CC0B /* MovieListView.swift in Sources */,
				C22C48F1298303E90017472E /* MovieCategory.swift in Sources */,
				C2358457298B013F00BCCCEC /* WSError.swift in Sources */,
				C2D763382993EABC00E5303D /* MSRouter.swift in Sources */,
				C2EFF03A2996ECEE00BD340E /* MovieListProtocols.swift in Sources */,
				C2D7633C2993F85C00E5303D /* MSInteractor.swift in Sources */,
				C264558D298D7BF30000CC0B /* MLPresenter.swift in Sources */,
				C2BDDEA929881C5400A02E62 /* MoviesList.swift in Sources */,
				C2AEBBBB299306C6009B3EEE /* MovieCategories.swift in Sources */,
				C2D7633A2993ED4700E5303D /* MSPresenter.swift in Sources */,
				C30893E228A425E1004B1860 /* MovieProvider.swift in Sources */,
				C2D763352993EA0100E5303D /* MovieSearchView.swift in Sources */,
				C264558F298D7CBB0000CC0B /* MLInteractor.swift in Sources */,
				C21F9F0D2994162400953C50 /* MSCollectionManager.swift in Sources */,
				C2AEBBC429931AE0009B3EEE /* MDInteractor.swift in Sources */,
				C2EFF03C29971E0200BD340E /* MovieDetailProtocols.swift in Sources */,
				C2D9DCE0298C10F200E42D28 /* StringExtension.swift in Sources */,
				C2AEBBCC29931BFD009B3EEE /* MDRouter.swift in Sources */,
				C2EFF03E2997221800BD340E /* MovieSearchProtocols.swift in Sources */,
				C24A7A21299554550024F5FE /* ImageSize.swift in Sources */,
				C30893E328A425E1004B1860 /* Movie.swift in Sources */,
			);
			runOnlyForDeploymentPostprocessing = 0;
		};
/* End PBXSourcesBuildPhase section */

/* Begin PBXVariantGroup section */
		C30893B828A2F42D004B1860 /* LaunchScreen.storyboard */ = {
			isa = PBXVariantGroup;
			children = (
				C30893B928A2F42D004B1860 /* Base */,
			);
			name = LaunchScreen.storyboard;
			sourceTree = "<group>";
		};
/* End PBXVariantGroup section */

/* Begin XCBuildConfiguration section */
		C30893BC28A2F42D004B1860 /* Debug */ = {
			isa = XCBuildConfiguration;
			buildSettings = {
				ALWAYS_SEARCH_USER_PATHS = NO;
				CLANG_ANALYZER_NONNULL = YES;
				CLANG_ANALYZER_NUMBER_OBJECT_CONVERSION = YES_AGGRESSIVE;
				CLANG_CXX_LANGUAGE_STANDARD = "gnu++17";
				CLANG_ENABLE_MODULES = YES;
				CLANG_ENABLE_OBJC_ARC = YES;
				CLANG_ENABLE_OBJC_WEAK = YES;
				CLANG_WARN_BLOCK_CAPTURE_AUTORELEASING = YES;
				CLANG_WARN_BOOL_CONVERSION = YES;
				CLANG_WARN_COMMA = YES;
				CLANG_WARN_CONSTANT_CONVERSION = YES;
				CLANG_WARN_DEPRECATED_OBJC_IMPLEMENTATIONS = YES;
				CLANG_WARN_DIRECT_OBJC_ISA_USAGE = YES_ERROR;
				CLANG_WARN_DOCUMENTATION_COMMENTS = YES;
				CLANG_WARN_EMPTY_BODY = YES;
				CLANG_WARN_ENUM_CONVERSION = YES;
				CLANG_WARN_INFINITE_RECURSION = YES;
				CLANG_WARN_INT_CONVERSION = YES;
				CLANG_WARN_NON_LITERAL_NULL_CONVERSION = YES;
				CLANG_WARN_OBJC_IMPLICIT_RETAIN_SELF = YES;
				CLANG_WARN_OBJC_LITERAL_CONVERSION = YES;
				CLANG_WARN_OBJC_ROOT_CLASS = YES_ERROR;
				CLANG_WARN_QUOTED_INCLUDE_IN_FRAMEWORK_HEADER = YES;
				CLANG_WARN_RANGE_LOOP_ANALYSIS = YES;
				CLANG_WARN_STRICT_PROTOTYPES = YES;
				CLANG_WARN_SUSPICIOUS_MOVE = YES;
				CLANG_WARN_UNGUARDED_AVAILABILITY = YES_AGGRESSIVE;
				CLANG_WARN_UNREACHABLE_CODE = YES;
				CLANG_WARN__DUPLICATE_METHOD_MATCH = YES;
				COPY_PHASE_STRIP = NO;
				DEBUG_INFORMATION_FORMAT = dwarf;
				ENABLE_STRICT_OBJC_MSGSEND = YES;
				ENABLE_TESTABILITY = YES;
				GCC_C_LANGUAGE_STANDARD = gnu11;
				GCC_DYNAMIC_NO_PIC = NO;
				GCC_NO_COMMON_BLOCKS = YES;
				GCC_OPTIMIZATION_LEVEL = 0;
				GCC_PREPROCESSOR_DEFINITIONS = (
					"DEBUG=1",
					"$(inherited)",
				);
				GCC_WARN_64_TO_32_BIT_CONVERSION = YES;
				GCC_WARN_ABOUT_RETURN_TYPE = YES_ERROR;
				GCC_WARN_UNDECLARED_SELECTOR = YES;
				GCC_WARN_UNINITIALIZED_AUTOS = YES_AGGRESSIVE;
				GCC_WARN_UNUSED_FUNCTION = YES;
				GCC_WARN_UNUSED_VARIABLE = YES;
				IPHONEOS_DEPLOYMENT_TARGET = 14.0;
				MTL_ENABLE_DEBUG_INFO = INCLUDE_SOURCE;
				MTL_FAST_MATH = YES;
				ONLY_ACTIVE_ARCH = YES;
				SDKROOT = iphoneos;
				SWIFT_ACTIVE_COMPILATION_CONDITIONS = DEBUG;
				SWIFT_OPTIMIZATION_LEVEL = "-Onone";
			};
			name = Debug;
		};
		C30893BD28A2F42D004B1860 /* Release */ = {
			isa = XCBuildConfiguration;
			buildSettings = {
				ALWAYS_SEARCH_USER_PATHS = NO;
				CLANG_ANALYZER_NONNULL = YES;
				CLANG_ANALYZER_NUMBER_OBJECT_CONVERSION = YES_AGGRESSIVE;
				CLANG_CXX_LANGUAGE_STANDARD = "gnu++17";
				CLANG_ENABLE_MODULES = YES;
				CLANG_ENABLE_OBJC_ARC = YES;
				CLANG_ENABLE_OBJC_WEAK = YES;
				CLANG_WARN_BLOCK_CAPTURE_AUTORELEASING = YES;
				CLANG_WARN_BOOL_CONVERSION = YES;
				CLANG_WARN_COMMA = YES;
				CLANG_WARN_CONSTANT_CONVERSION = YES;
				CLANG_WARN_DEPRECATED_OBJC_IMPLEMENTATIONS = YES;
				CLANG_WARN_DIRECT_OBJC_ISA_USAGE = YES_ERROR;
				CLANG_WARN_DOCUMENTATION_COMMENTS = YES;
				CLANG_WARN_EMPTY_BODY = YES;
				CLANG_WARN_ENUM_CONVERSION = YES;
				CLANG_WARN_INFINITE_RECURSION = YES;
				CLANG_WARN_INT_CONVERSION = YES;
				CLANG_WARN_NON_LITERAL_NULL_CONVERSION = YES;
				CLANG_WARN_OBJC_IMPLICIT_RETAIN_SELF = YES;
				CLANG_WARN_OBJC_LITERAL_CONVERSION = YES;
				CLANG_WARN_OBJC_ROOT_CLASS = YES_ERROR;
				CLANG_WARN_QUOTED_INCLUDE_IN_FRAMEWORK_HEADER = YES;
				CLANG_WARN_RANGE_LOOP_ANALYSIS = YES;
				CLANG_WARN_STRICT_PROTOTYPES = YES;
				CLANG_WARN_SUSPICIOUS_MOVE = YES;
				CLANG_WARN_UNGUARDED_AVAILABILITY = YES_AGGRESSIVE;
				CLANG_WARN_UNREACHABLE_CODE = YES;
				CLANG_WARN__DUPLICATE_METHOD_MATCH = YES;
				COPY_PHASE_STRIP = NO;
				DEBUG_INFORMATION_FORMAT = "dwarf-with-dsym";
				ENABLE_NS_ASSERTIONS = NO;
				ENABLE_STRICT_OBJC_MSGSEND = YES;
				GCC_C_LANGUAGE_STANDARD = gnu11;
				GCC_NO_COMMON_BLOCKS = YES;
				GCC_WARN_64_TO_32_BIT_CONVERSION = YES;
				GCC_WARN_ABOUT_RETURN_TYPE = YES_ERROR;
				GCC_WARN_UNDECLARED_SELECTOR = YES;
				GCC_WARN_UNINITIALIZED_AUTOS = YES_AGGRESSIVE;
				GCC_WARN_UNUSED_FUNCTION = YES;
				GCC_WARN_UNUSED_VARIABLE = YES;
				IPHONEOS_DEPLOYMENT_TARGET = 14.0;
				MTL_ENABLE_DEBUG_INFO = NO;
				MTL_FAST_MATH = YES;
				SDKROOT = iphoneos;
				SWIFT_COMPILATION_MODE = wholemodule;
				SWIFT_OPTIMIZATION_LEVEL = "-O";
				VALIDATE_PRODUCT = YES;
			};
			name = Release;
		};
		C30893BF28A2F42D004B1860 /* Debug */ = {
			isa = XCBuildConfiguration;
			buildSettings = {
				ASSETCATALOG_COMPILER_APPICON_NAME = AppIcon;
				ASSETCATALOG_COMPILER_GLOBAL_ACCENT_COLOR_NAME = AccentColor;
				CODE_SIGN_STYLE = Automatic;
				CURRENT_PROJECT_VERSION = 1;
				GENERATE_INFOPLIST_FILE = YES;
				INFOPLIST_FILE = BAZProject/Info.plist;
				INFOPLIST_KEY_UIApplicationSupportsIndirectInputEvents = YES;
				INFOPLIST_KEY_UILaunchStoryboardName = LaunchScreen;
				INFOPLIST_KEY_UIMainStoryboardFile = "";
				INFOPLIST_KEY_UISupportedInterfaceOrientations_iPad = "UIInterfaceOrientationPortrait UIInterfaceOrientationPortraitUpsideDown UIInterfaceOrientationLandscapeLeft UIInterfaceOrientationLandscapeRight";
				INFOPLIST_KEY_UISupportedInterfaceOrientations_iPhone = "UIInterfaceOrientationPortrait UIInterfaceOrientationLandscapeLeft UIInterfaceOrientationLandscapeRight";
				IPHONEOS_DEPLOYMENT_TARGET = 14.0;
				LD_RUNPATH_SEARCH_PATHS = (
					"$(inherited)",
					"@executable_path/Frameworks",
				);
				MARKETING_VERSION = 1.0;
				PRODUCT_BUNDLE_IDENTIFIER = com.wizeline.BAZProject;
				PRODUCT_NAME = "$(TARGET_NAME)";
				SWIFT_EMIT_LOC_STRINGS = YES;
				SWIFT_VERSION = 5.0;
				TARGETED_DEVICE_FAMILY = "1,2";
			};
			name = Debug;
		};
		C30893C028A2F42D004B1860 /* Release */ = {
			isa = XCBuildConfiguration;
			buildSettings = {
				ASSETCATALOG_COMPILER_APPICON_NAME = AppIcon;
				ASSETCATALOG_COMPILER_GLOBAL_ACCENT_COLOR_NAME = AccentColor;
				CODE_SIGN_STYLE = Automatic;
				CURRENT_PROJECT_VERSION = 1;
				GENERATE_INFOPLIST_FILE = YES;
				INFOPLIST_FILE = BAZProject/Info.plist;
				INFOPLIST_KEY_UIApplicationSupportsIndirectInputEvents = YES;
				INFOPLIST_KEY_UILaunchStoryboardName = LaunchScreen;
				INFOPLIST_KEY_UIMainStoryboardFile = "";
				INFOPLIST_KEY_UISupportedInterfaceOrientations_iPad = "UIInterfaceOrientationPortrait UIInterfaceOrientationPortraitUpsideDown UIInterfaceOrientationLandscapeLeft UIInterfaceOrientationLandscapeRight";
				INFOPLIST_KEY_UISupportedInterfaceOrientations_iPhone = "UIInterfaceOrientationPortrait UIInterfaceOrientationLandscapeLeft UIInterfaceOrientationLandscapeRight";
				IPHONEOS_DEPLOYMENT_TARGET = 14.0;
				LD_RUNPATH_SEARCH_PATHS = (
					"$(inherited)",
					"@executable_path/Frameworks",
				);
				MARKETING_VERSION = 1.0;
				PRODUCT_BUNDLE_IDENTIFIER = com.wizeline.BAZProject;
				PRODUCT_NAME = "$(TARGET_NAME)";
				SWIFT_EMIT_LOC_STRINGS = YES;
				SWIFT_VERSION = 5.0;
				TARGETED_DEVICE_FAMILY = "1,2";
			};
			name = Release;
		};
/* End XCBuildConfiguration section */

/* Begin XCConfigurationList section */
		C30893A528A2F42B004B1860 /* Build configuration list for PBXProject "BAZProject" */ = {
			isa = XCConfigurationList;
			buildConfigurations = (
				C30893BC28A2F42D004B1860 /* Debug */,
				C30893BD28A2F42D004B1860 /* Release */,
			);
			defaultConfigurationIsVisible = 0;
			defaultConfigurationName = Release;
		};
		C30893BE28A2F42D004B1860 /* Build configuration list for PBXNativeTarget "BAZProject" */ = {
			isa = XCConfigurationList;
			buildConfigurations = (
				C30893BF28A2F42D004B1860 /* Debug */,
				C30893C028A2F42D004B1860 /* Release */,
			);
			defaultConfigurationIsVisible = 0;
			defaultConfigurationName = Release;
		};
/* End XCConfigurationList section */
	};
	rootObject = C30893A228A2F42B004B1860 /* Project object */;
}
