// !$*UTF8*$!
{
	archiveVersion = 1;
	classes = {
	};
	objectVersion = 55;
	objects = {

/* Begin PBXBuildFile section */
		C30893AE28A2F42B004B1860 /* AppDelegate.swift in Sources */ = {isa = PBXBuildFile; fileRef = C30893AD28A2F42B004B1860 /* AppDelegate.swift */; };
		C30893B028A2F42B004B1860 /* SceneDelegate.swift in Sources */ = {isa = PBXBuildFile; fileRef = C30893AF28A2F42B004B1860 /* SceneDelegate.swift */; };
		C30893B528A2F42B004B1860 /* Main.storyboard in Resources */ = {isa = PBXBuildFile; fileRef = C30893B328A2F42B004B1860 /* Main.storyboard */; };
		C30893B728A2F42D004B1860 /* Assets.xcassets in Resources */ = {isa = PBXBuildFile; fileRef = C30893B628A2F42D004B1860 /* Assets.xcassets */; };
		C30893BA28A2F42D004B1860 /* LaunchScreen.storyboard in Resources */ = {isa = PBXBuildFile; fileRef = C30893B828A2F42D004B1860 /* LaunchScreen.storyboard */; };
		C30893DB28A42481004B1860 /* README.md in Resources */ = {isa = PBXBuildFile; fileRef = C30893DA28A42481004B1860 /* README.md */; };
		C30893E228A425E1004B1860 /* MovieAPI.swift in Sources */ = {isa = PBXBuildFile; fileRef = C30893E028A425E1004B1860 /* MovieAPI.swift */; };
		C30893E328A425E1004B1860 /* Movie.swift in Sources */ = {isa = PBXBuildFile; fileRef = C30893E128A425E1004B1860 /* Movie.swift */; };
		C383356E28CA917400FCE0D5 /* code-review-rubric.md in Resources */ = {isa = PBXBuildFile; fileRef = C383356D28CA917400FCE0D5 /* code-review-rubric.md */; };
		F01305F729B16E0E00840768 /* ReviewTableViewCell.swift in Sources */ = {isa = PBXBuildFile; fileRef = F01305F529B16E0E00840768 /* ReviewTableViewCell.swift */; };
		F01305F829B16E0E00840768 /* ReviewTableViewCell.xib in Resources */ = {isa = PBXBuildFile; fileRef = F01305F629B16E0E00840768 /* ReviewTableViewCell.xib */; };
		F02EE9F9299E98110080341D /* HomeViewController.swift in Sources */ = {isa = PBXBuildFile; fileRef = F02EE9F8299E98110080341D /* HomeViewController.swift */; };
		F042748429BA6F3D000707A0 /* MovieAPIManager.swift in Sources */ = {isa = PBXBuildFile; fileRef = F042748329BA6F3D000707A0 /* MovieAPIManager.swift */; };
		F042A0F429B097E70080572F /* TrendingTableViewCell.swift in Sources */ = {isa = PBXBuildFile; fileRef = F042A0F229B097E70080572F /* TrendingTableViewCell.swift */; };
		F042A0F529B097E70080572F /* TrendingTableViewCell.xib in Resources */ = {isa = PBXBuildFile; fileRef = F042A0F329B097E70080572F /* TrendingTableViewCell.xib */; };
		F06CA9D529B26915007A1272 /* SimilarTableViewCell.swift in Sources */ = {isa = PBXBuildFile; fileRef = F06CA9D329B26915007A1272 /* SimilarTableViewCell.swift */; };
		F06CA9D629B26915007A1272 /* SimilarTableViewCell.xib in Resources */ = {isa = PBXBuildFile; fileRef = F06CA9D429B26915007A1272 /* SimilarTableViewCell.xib */; };
		F06CA9DC29B272E9007A1272 /* RecommendationsTableViewCell.swift in Sources */ = {isa = PBXBuildFile; fileRef = F06CA9DA29B272E9007A1272 /* RecommendationsTableViewCell.swift */; };
		F06CA9DD29B272E9007A1272 /* RecommendationsTableViewCell.xib in Resources */ = {isa = PBXBuildFile; fileRef = F06CA9DB29B272E9007A1272 /* RecommendationsTableViewCell.xib */; };
		F06CA9E129B27583007A1272 /* OverviewTableViewCell.swift in Sources */ = {isa = PBXBuildFile; fileRef = F06CA9DF29B27583007A1272 /* OverviewTableViewCell.swift */; };
		F06CA9E229B27583007A1272 /* OverviewTableViewCell.xib in Resources */ = {isa = PBXBuildFile; fileRef = F06CA9E029B27583007A1272 /* OverviewTableViewCell.xib */; };
		F088B0A029B11FAF00477063 /* NowPlayingTableViewCell.swift in Sources */ = {isa = PBXBuildFile; fileRef = F088B09E29B11FAF00477063 /* NowPlayingTableViewCell.swift */; };
		F088B0A129B11FAF00477063 /* NowPlayingTableViewCell.xib in Resources */ = {isa = PBXBuildFile; fileRef = F088B09F29B11FAF00477063 /* NowPlayingTableViewCell.xib */; };
		F088B0A529B1267400477063 /* PopularTableViewCell.swift in Sources */ = {isa = PBXBuildFile; fileRef = F088B0A329B1267400477063 /* PopularTableViewCell.swift */; };
		F088B0A629B1267400477063 /* PopularTableViewCell.xib in Resources */ = {isa = PBXBuildFile; fileRef = F088B0A429B1267400477063 /* PopularTableViewCell.xib */; };
		F088B0AA29B129CA00477063 /* UpcomingTableViewCell.swift in Sources */ = {isa = PBXBuildFile; fileRef = F088B0A829B129CA00477063 /* UpcomingTableViewCell.swift */; };
		F088B0AB29B129CA00477063 /* UpcomingTableViewCell.xib in Resources */ = {isa = PBXBuildFile; fileRef = F088B0A929B129CA00477063 /* UpcomingTableViewCell.xib */; };
		F088B0AE29B1332B00477063 /* DetailsViewController.swift in Sources */ = {isa = PBXBuildFile; fileRef = F088B0AD29B1332B00477063 /* DetailsViewController.swift */; };
		F088B0D329B14CC500477063 /* CastTableViewCell.swift in Sources */ = {isa = PBXBuildFile; fileRef = F088B0D129B14CC500477063 /* CastTableViewCell.swift */; };
		F088B0D429B14CC500477063 /* CastTableViewCell.xib in Resources */ = {isa = PBXBuildFile; fileRef = F088B0D229B14CC500477063 /* CastTableViewCell.xib */; };
		F088B0DB29B1680C00477063 /* ReviewCollectionViewCell.swift in Sources */ = {isa = PBXBuildFile; fileRef = F088B0D929B1680C00477063 /* ReviewCollectionViewCell.swift */; };
		F088B0DC29B1680C00477063 /* ReviewCollectionViewCell.xib in Resources */ = {isa = PBXBuildFile; fileRef = F088B0DA29B1680C00477063 /* ReviewCollectionViewCell.xib */; };
		F0DE0BAA29B0675100207D78 /* ratedTableViewCell.swift in Sources */ = {isa = PBXBuildFile; fileRef = F0DE0BA829B0675100207D78 /* ratedTableViewCell.swift */; };
		F0DE0BAB29B0675100207D78 /* ratedTableViewCell.xib in Resources */ = {isa = PBXBuildFile; fileRef = F0DE0BA929B0675100207D78 /* ratedTableViewCell.xib */; };
		F0EB436229AF1B0A00284383 /* MovieCollectionViewCell.swift in Sources */ = {isa = PBXBuildFile; fileRef = F0EB436029AF1B0A00284383 /* MovieCollectionViewCell.swift */; };
		F0EB436329AF1B0A00284383 /* MovieCollectionViewCell.xib in Resources */ = {isa = PBXBuildFile; fileRef = F0EB436129AF1B0A00284383 /* MovieCollectionViewCell.xib */; };
		F0EB436729AF3A2700284383 /* CastCollectionViewCell.swift in Sources */ = {isa = PBXBuildFile; fileRef = F0EB436529AF3A2700284383 /* CastCollectionViewCell.swift */; };
		F0EB436829AF3A2700284383 /* CastCollectionViewCell.xib in Resources */ = {isa = PBXBuildFile; fileRef = F0EB436629AF3A2700284383 /* CastCollectionViewCell.xib */; };
		F0F5F9A429C036AF001522B8 /* HomeTableViewCell.swift in Sources */ = {isa = PBXBuildFile; fileRef = F0F5F9A029C036AF001522B8 /* HomeTableViewCell.swift */; };
		F0F5F9A529C036AF001522B8 /* HomeTableViewCell.xib in Resources */ = {isa = PBXBuildFile; fileRef = F0F5F9A129C036AF001522B8 /* HomeTableViewCell.xib */; };
		F0F5F9A629C036AF001522B8 /* SearchViewController.swift in Sources */ = {isa = PBXBuildFile; fileRef = F0F5F9A329C036AF001522B8 /* SearchViewController.swift */; };
/* End PBXBuildFile section */

/* Begin PBXFileReference section */
		C30893AA28A2F42B004B1860 /* MovieBucket.app */ = {isa = PBXFileReference; explicitFileType = wrapper.application; includeInIndex = 0; path = MovieBucket.app; sourceTree = BUILT_PRODUCTS_DIR; };
		C30893AD28A2F42B004B1860 /* AppDelegate.swift */ = {isa = PBXFileReference; lastKnownFileType = sourcecode.swift; path = AppDelegate.swift; sourceTree = "<group>"; };
		C30893AF28A2F42B004B1860 /* SceneDelegate.swift */ = {isa = PBXFileReference; lastKnownFileType = sourcecode.swift; path = SceneDelegate.swift; sourceTree = "<group>"; };
		C30893B428A2F42B004B1860 /* Base */ = {isa = PBXFileReference; lastKnownFileType = file.storyboard; name = Base; path = Base.lproj/Main.storyboard; sourceTree = "<group>"; };
		C30893B628A2F42D004B1860 /* Assets.xcassets */ = {isa = PBXFileReference; lastKnownFileType = folder.assetcatalog; path = Assets.xcassets; sourceTree = "<group>"; };
		C30893B928A2F42D004B1860 /* Base */ = {isa = PBXFileReference; lastKnownFileType = file.storyboard; name = Base; path = Base.lproj/LaunchScreen.storyboard; sourceTree = "<group>"; };
		C30893BB28A2F42D004B1860 /* Info.plist */ = {isa = PBXFileReference; lastKnownFileType = text.plist.xml; path = Info.plist; sourceTree = "<group>"; };
		C30893DA28A42481004B1860 /* README.md */ = {isa = PBXFileReference; fileEncoding = 4; lastKnownFileType = net.daringfireball.markdown; path = README.md; sourceTree = "<group>"; };
		C30893E028A425E1004B1860 /* MovieAPI.swift */ = {isa = PBXFileReference; fileEncoding = 4; lastKnownFileType = sourcecode.swift; path = MovieAPI.swift; sourceTree = "<group>"; };
		C30893E128A425E1004B1860 /* Movie.swift */ = {isa = PBXFileReference; fileEncoding = 4; lastKnownFileType = sourcecode.swift; path = Movie.swift; sourceTree = "<group>"; };
		C383356D28CA917400FCE0D5 /* code-review-rubric.md */ = {isa = PBXFileReference; fileEncoding = 4; lastKnownFileType = net.daringfireball.markdown; path = "code-review-rubric.md"; sourceTree = "<group>"; };
		F01305F529B16E0E00840768 /* ReviewTableViewCell.swift */ = {isa = PBXFileReference; lastKnownFileType = sourcecode.swift; path = ReviewTableViewCell.swift; sourceTree = "<group>"; };
		F01305F629B16E0E00840768 /* ReviewTableViewCell.xib */ = {isa = PBXFileReference; lastKnownFileType = file.xib; path = ReviewTableViewCell.xib; sourceTree = "<group>"; };
		F02EE9F8299E98110080341D /* HomeViewController.swift */ = {isa = PBXFileReference; lastKnownFileType = sourcecode.swift; path = HomeViewController.swift; sourceTree = "<group>"; };
		F042748329BA6F3D000707A0 /* MovieAPIManager.swift */ = {isa = PBXFileReference; lastKnownFileType = sourcecode.swift; path = MovieAPIManager.swift; sourceTree = "<group>"; };
		F042A0F229B097E70080572F /* TrendingTableViewCell.swift */ = {isa = PBXFileReference; lastKnownFileType = sourcecode.swift; path = TrendingTableViewCell.swift; sourceTree = "<group>"; };
		F042A0F329B097E70080572F /* TrendingTableViewCell.xib */ = {isa = PBXFileReference; lastKnownFileType = file.xib; path = TrendingTableViewCell.xib; sourceTree = "<group>"; };
		F06CA9D329B26915007A1272 /* SimilarTableViewCell.swift */ = {isa = PBXFileReference; lastKnownFileType = sourcecode.swift; path = SimilarTableViewCell.swift; sourceTree = "<group>"; };
		F06CA9D429B26915007A1272 /* SimilarTableViewCell.xib */ = {isa = PBXFileReference; lastKnownFileType = file.xib; path = SimilarTableViewCell.xib; sourceTree = "<group>"; };
		F06CA9DA29B272E9007A1272 /* RecommendationsTableViewCell.swift */ = {isa = PBXFileReference; lastKnownFileType = sourcecode.swift; path = RecommendationsTableViewCell.swift; sourceTree = "<group>"; };
		F06CA9DB29B272E9007A1272 /* RecommendationsTableViewCell.xib */ = {isa = PBXFileReference; lastKnownFileType = file.xib; path = RecommendationsTableViewCell.xib; sourceTree = "<group>"; };
		F06CA9DF29B27583007A1272 /* OverviewTableViewCell.swift */ = {isa = PBXFileReference; lastKnownFileType = sourcecode.swift; path = OverviewTableViewCell.swift; sourceTree = "<group>"; };
		F06CA9E029B27583007A1272 /* OverviewTableViewCell.xib */ = {isa = PBXFileReference; lastKnownFileType = file.xib; path = OverviewTableViewCell.xib; sourceTree = "<group>"; };
		F088B09E29B11FAF00477063 /* NowPlayingTableViewCell.swift */ = {isa = PBXFileReference; lastKnownFileType = sourcecode.swift; path = NowPlayingTableViewCell.swift; sourceTree = "<group>"; };
		F088B09F29B11FAF00477063 /* NowPlayingTableViewCell.xib */ = {isa = PBXFileReference; lastKnownFileType = file.xib; path = NowPlayingTableViewCell.xib; sourceTree = "<group>"; };
		F088B0A329B1267400477063 /* PopularTableViewCell.swift */ = {isa = PBXFileReference; lastKnownFileType = sourcecode.swift; path = PopularTableViewCell.swift; sourceTree = "<group>"; };
		F088B0A429B1267400477063 /* PopularTableViewCell.xib */ = {isa = PBXFileReference; lastKnownFileType = file.xib; path = PopularTableViewCell.xib; sourceTree = "<group>"; };
		F088B0A829B129CA00477063 /* UpcomingTableViewCell.swift */ = {isa = PBXFileReference; lastKnownFileType = sourcecode.swift; path = UpcomingTableViewCell.swift; sourceTree = "<group>"; };
		F088B0A929B129CA00477063 /* UpcomingTableViewCell.xib */ = {isa = PBXFileReference; lastKnownFileType = file.xib; path = UpcomingTableViewCell.xib; sourceTree = "<group>"; };
		F088B0AD29B1332B00477063 /* DetailsViewController.swift */ = {isa = PBXFileReference; lastKnownFileType = sourcecode.swift; path = DetailsViewController.swift; sourceTree = "<group>"; };
		F088B0D129B14CC500477063 /* CastTableViewCell.swift */ = {isa = PBXFileReference; lastKnownFileType = sourcecode.swift; path = CastTableViewCell.swift; sourceTree = "<group>"; };
		F088B0D229B14CC500477063 /* CastTableViewCell.xib */ = {isa = PBXFileReference; lastKnownFileType = file.xib; path = CastTableViewCell.xib; sourceTree = "<group>"; };
		F088B0D929B1680C00477063 /* ReviewCollectionViewCell.swift */ = {isa = PBXFileReference; lastKnownFileType = sourcecode.swift; path = ReviewCollectionViewCell.swift; sourceTree = "<group>"; };
		F088B0DA29B1680C00477063 /* ReviewCollectionViewCell.xib */ = {isa = PBXFileReference; lastKnownFileType = file.xib; path = ReviewCollectionViewCell.xib; sourceTree = "<group>"; };
		F0DE0BA829B0675100207D78 /* ratedTableViewCell.swift */ = {isa = PBXFileReference; lastKnownFileType = sourcecode.swift; path = ratedTableViewCell.swift; sourceTree = "<group>"; };
		F0DE0BA929B0675100207D78 /* ratedTableViewCell.xib */ = {isa = PBXFileReference; lastKnownFileType = file.xib; path = ratedTableViewCell.xib; sourceTree = "<group>"; };
		F0EB436029AF1B0A00284383 /* MovieCollectionViewCell.swift */ = {isa = PBXFileReference; lastKnownFileType = sourcecode.swift; path = MovieCollectionViewCell.swift; sourceTree = "<group>"; };
		F0EB436129AF1B0A00284383 /* MovieCollectionViewCell.xib */ = {isa = PBXFileReference; lastKnownFileType = file.xib; path = MovieCollectionViewCell.xib; sourceTree = "<group>"; };
		F0EB436529AF3A2700284383 /* CastCollectionViewCell.swift */ = {isa = PBXFileReference; lastKnownFileType = sourcecode.swift; path = CastCollectionViewCell.swift; sourceTree = "<group>"; };
		F0EB436629AF3A2700284383 /* CastCollectionViewCell.xib */ = {isa = PBXFileReference; lastKnownFileType = file.xib; path = CastCollectionViewCell.xib; sourceTree = "<group>"; };
		F0F5F9A029C036AF001522B8 /* HomeTableViewCell.swift */ = {isa = PBXFileReference; fileEncoding = 4; lastKnownFileType = sourcecode.swift; path = HomeTableViewCell.swift; sourceTree = "<group>"; };
		F0F5F9A129C036AF001522B8 /* HomeTableViewCell.xib */ = {isa = PBXFileReference; fileEncoding = 4; lastKnownFileType = file.xib; path = HomeTableViewCell.xib; sourceTree = "<group>"; };
		F0F5F9A329C036AF001522B8 /* SearchViewController.swift */ = {isa = PBXFileReference; fileEncoding = 4; lastKnownFileType = sourcecode.swift; path = SearchViewController.swift; sourceTree = "<group>"; };
/* End PBXFileReference section */

/* Begin PBXFrameworksBuildPhase section */
		C30893A728A2F42B004B1860 /* Frameworks */ = {
			isa = PBXFrameworksBuildPhase;
			buildActionMask = 2147483647;
			files = (
			);
			runOnlyForDeploymentPostprocessing = 0;
		};
/* End PBXFrameworksBuildPhase section */

/* Begin PBXGroup section */
		C30893A128A2F42B004B1860 = {
			isa = PBXGroup;
			children = (
				C30893DA28A42481004B1860 /* README.md */,
				C383356D28CA917400FCE0D5 /* code-review-rubric.md */,
				C30893AC28A2F42B004B1860 /* BAZProject */,
				C30893AB28A2F42B004B1860 /* Products */,
			);
			sourceTree = "<group>";
		};
		C30893AB28A2F42B004B1860 /* Products */ = {
			isa = PBXGroup;
			children = (
				C30893AA28A2F42B004B1860 /* MovieBucket.app */,
			);
			name = Products;
			sourceTree = "<group>";
		};
		C30893AC28A2F42B004B1860 /* BAZProject */ = {
			isa = PBXGroup;
			children = (
				F00847D4299DD56D006340E6 /* Modules */,
				C30893AD28A2F42B004B1860 /* AppDelegate.swift */,
				C30893AF28A2F42B004B1860 /* SceneDelegate.swift */,
				C30893E128A425E1004B1860 /* Movie.swift */,
				C30893E028A425E1004B1860 /* MovieAPI.swift */,
				F042748329BA6F3D000707A0 /* MovieAPIManager.swift */,
				C30893B828A2F42D004B1860 /* LaunchScreen.storyboard */,
				C30893B628A2F42D004B1860 /* Assets.xcassets */,
				C30893BB28A2F42D004B1860 /* Info.plist */,
			);
			path = BAZProject;
			sourceTree = "<group>";
		};
		F00847D4299DD56D006340E6 /* Modules */ = {
			isa = PBXGroup;
			children = (
				F0F5F99E29C036AF001522B8 /* SearchMovie */,
				F00847D9299DD5A4006340E6 /* DetailMovie */,
				F00847D5299DD572006340E6 /* Home */,
			);
			path = Modules;
			sourceTree = "<group>";
		};
		F00847D5299DD572006340E6 /* Home */ = {
			isa = PBXGroup;
			children = (
				F00847E9299DD71B006340E6 /* View */,
			);
			path = Home;
			sourceTree = "<group>";
		};
		F00847D9299DD5A4006340E6 /* DetailMovie */ = {
			isa = PBXGroup;
			children = (
				F088B0AD29B1332B00477063 /* DetailsViewController.swift */,
				F06CA9DE29B2756B007A1272 /* Overview */,
				F06CA9D729B272A9007A1272 /* RecomendedMovies */,
				F01305F929B262F900840768 /* SimilarMovies */,
				F088B0D629B167B600477063 /* Reviews */,
				F088B0D529B1679600477063 /* Cast */,
			);
			path = DetailMovie;
			sourceTree = "<group>";
		};
		F00847E9299DD71B006340E6 /* View */ = {
			isa = PBXGroup;
			children = (
				F088B0AC29B12C5400477063 /* MovieCell */,
				F088B0A729B129B500477063 /* UpcomingCollection */,
				F088B0A229B125E900477063 /* PopularCollection */,
				F088B09929B11EFE00477063 /* NowPlayingCollection */,
				F042A0F129B097B50080572F /* TrendingCollection */,
				F0DE0BA729B066F700207D78 /* ratedMovieCollection */,
				C30893B328A2F42B004B1860 /* Main.storyboard */,
				F02EE9F8299E98110080341D /* HomeViewController.swift */,
			);
			path = View;
			sourceTree = "<group>";
		};
		F01305F929B262F900840768 /* SimilarMovies */ = {
			isa = PBXGroup;
			children = (
				F01305FB29B2635B00840768 /* SimilarCollection */,
			);
			path = SimilarMovies;
			sourceTree = "<group>";
		};
		F01305FB29B2635B00840768 /* SimilarCollection */ = {
			isa = PBXGroup;
			children = (
				F06CA9D329B26915007A1272 /* SimilarTableViewCell.swift */,
				F06CA9D429B26915007A1272 /* SimilarTableViewCell.xib */,
			);
			path = SimilarCollection;
			sourceTree = "<group>";
		};
		F042A0F129B097B50080572F /* TrendingCollection */ = {
			isa = PBXGroup;
			children = (
				F042A0F229B097E70080572F /* TrendingTableViewCell.swift */,
				F042A0F329B097E70080572F /* TrendingTableViewCell.xib */,
			);
			path = TrendingCollection;
			sourceTree = "<group>";
		};
		F06CA9D729B272A9007A1272 /* RecomendedMovies */ = {
			isa = PBXGroup;
			children = (
				F06CA9DA29B272E9007A1272 /* RecommendationsTableViewCell.swift */,
				F06CA9DB29B272E9007A1272 /* RecommendationsTableViewCell.xib */,
			);
			path = RecomendedMovies;
			sourceTree = "<group>";
		};
		F06CA9DE29B2756B007A1272 /* Overview */ = {
			isa = PBXGroup;
			children = (
				F06CA9DF29B27583007A1272 /* OverviewTableViewCell.swift */,
				F06CA9E029B27583007A1272 /* OverviewTableViewCell.xib */,
			);
			path = Overview;
			sourceTree = "<group>";
		};
		F088B09929B11EFE00477063 /* NowPlayingCollection */ = {
			isa = PBXGroup;
			children = (
				F088B09E29B11FAF00477063 /* NowPlayingTableViewCell.swift */,
				F088B09F29B11FAF00477063 /* NowPlayingTableViewCell.xib */,
			);
			path = NowPlayingCollection;
			sourceTree = "<group>";
		};
		F088B0A229B125E900477063 /* PopularCollection */ = {
			isa = PBXGroup;
			children = (
				F088B0A329B1267400477063 /* PopularTableViewCell.swift */,
				F088B0A429B1267400477063 /* PopularTableViewCell.xib */,
			);
			path = PopularCollection;
			sourceTree = "<group>";
		};
		F088B0A729B129B500477063 /* UpcomingCollection */ = {
			isa = PBXGroup;
			children = (
				F088B0A829B129CA00477063 /* UpcomingTableViewCell.swift */,
				F088B0A929B129CA00477063 /* UpcomingTableViewCell.xib */,
			);
			path = UpcomingCollection;
			sourceTree = "<group>";
		};
		F088B0AC29B12C5400477063 /* MovieCell */ = {
			isa = PBXGroup;
			children = (
				F0EB436129AF1B0A00284383 /* MovieCollectionViewCell.xib */,
				F0EB436029AF1B0A00284383 /* MovieCollectionViewCell.swift */,
			);
			path = MovieCell;
			sourceTree = "<group>";
		};
		F088B0D029B1487900477063 /* CastCollection */ = {
			isa = PBXGroup;
			children = (
				F088B0D129B14CC500477063 /* CastTableViewCell.swift */,
				F088B0D229B14CC500477063 /* CastTableViewCell.xib */,
			);
			path = CastCollection;
			sourceTree = "<group>";
		};
		F088B0D529B1679600477063 /* Cast */ = {
			isa = PBXGroup;
			children = (
				F088B0D029B1487900477063 /* CastCollection */,
				F0EB436429AF39FB00284383 /* CastView */,
			);
			path = Cast;
			sourceTree = "<group>";
		};
		F088B0D629B167B600477063 /* Reviews */ = {
			isa = PBXGroup;
			children = (
				F088B0D729B167C200477063 /* ReviewsCollection */,
				F088B0D829B167D000477063 /* ReviewsCell */,
			);
			path = Reviews;
			sourceTree = "<group>";
		};
		F088B0D729B167C200477063 /* ReviewsCollection */ = {
			isa = PBXGroup;
			children = (
				F01305F529B16E0E00840768 /* ReviewTableViewCell.swift */,
				F01305F629B16E0E00840768 /* ReviewTableViewCell.xib */,
			);
			path = ReviewsCollection;
			sourceTree = "<group>";
		};
		F088B0D829B167D000477063 /* ReviewsCell */ = {
			isa = PBXGroup;
			children = (
				F088B0D929B1680C00477063 /* ReviewCollectionViewCell.swift */,
				F088B0DA29B1680C00477063 /* ReviewCollectionViewCell.xib */,
			);
			path = ReviewsCell;
			sourceTree = "<group>";
		};
		F0DE0BA729B066F700207D78 /* ratedMovieCollection */ = {
			isa = PBXGroup;
			children = (
				F0DE0BA829B0675100207D78 /* ratedTableViewCell.swift */,
				F0DE0BA929B0675100207D78 /* ratedTableViewCell.xib */,
			);
			path = ratedMovieCollection;
			sourceTree = "<group>";
		};
		F0EB436429AF39FB00284383 /* CastView */ = {
			isa = PBXGroup;
			children = (
				F0EB436529AF3A2700284383 /* CastCollectionViewCell.swift */,
				F0EB436629AF3A2700284383 /* CastCollectionViewCell.xib */,
			);
			path = CastView;
			sourceTree = "<group>";
		};
		F0F5F99E29C036AF001522B8 /* SearchMovie */ = {
			isa = PBXGroup;
			children = (
				F0F5F99F29C036AF001522B8 /* Cells */,
				F0F5F9A229C036AF001522B8 /* View */,
			);
			path = SearchMovie;
			sourceTree = "<group>";
		};
		F0F5F99F29C036AF001522B8 /* Cells */ = {
			isa = PBXGroup;
			children = (
				F0F5F9A029C036AF001522B8 /* HomeTableViewCell.swift */,
				F0F5F9A129C036AF001522B8 /* HomeTableViewCell.xib */,
			);
			path = Cells;
			sourceTree = "<group>";
		};
		F0F5F9A229C036AF001522B8 /* View */ = {
			isa = PBXGroup;
			children = (
				F0F5F9A329C036AF001522B8 /* SearchViewController.swift */,
			);
			path = View;
			sourceTree = "<group>";
		};
/* End PBXGroup section */

/* Begin PBXNativeTarget section */
		C30893A928A2F42B004B1860 /* MovieBucket */ = {
			isa = PBXNativeTarget;
			buildConfigurationList = C30893BE28A2F42D004B1860 /* Build configuration list for PBXNativeTarget "MovieBucket" */;
			buildPhases = (
				C30893A628A2F42B004B1860 /* Sources */,
				C30893A728A2F42B004B1860 /* Frameworks */,
				C30893A828A2F42B004B1860 /* Resources */,
			);
			buildRules = (
			);
			dependencies = (
			);
			name = MovieBucket;
			productName = BAZProject;
			productReference = C30893AA28A2F42B004B1860 /* MovieBucket.app */;
			productType = "com.apple.product-type.application";
		};
/* End PBXNativeTarget section */

/* Begin PBXProject section */
		C30893A228A2F42B004B1860 /* Project object */ = {
			isa = PBXProject;
			attributes = {
				BuildIndependentTargetsInParallel = 1;
				LastSwiftUpdateCheck = 1340;
				LastUpgradeCheck = 1340;
				TargetAttributes = {
					C30893A928A2F42B004B1860 = {
						CreatedOnToolsVersion = 13.4.1;
					};
				};
			};
			buildConfigurationList = C30893A528A2F42B004B1860 /* Build configuration list for PBXProject "MovieApp" */;
			compatibilityVersion = "Xcode 13.0";
			developmentRegion = en;
			hasScannedForEncodings = 0;
			knownRegions = (
				en,
				Base,
			);
			mainGroup = C30893A128A2F42B004B1860;
			productRefGroup = C30893AB28A2F42B004B1860 /* Products */;
			projectDirPath = "";
			projectRoot = "";
			targets = (
				C30893A928A2F42B004B1860 /* MovieBucket */,
			);
		};
/* End PBXProject section */

/* Begin PBXResourcesBuildPhase section */
		C30893A828A2F42B004B1860 /* Resources */ = {
			isa = PBXResourcesBuildPhase;
			buildActionMask = 2147483647;
			files = (
				F06CA9D629B26915007A1272 /* SimilarTableViewCell.xib in Resources */,
				F088B0A629B1267400477063 /* PopularTableViewCell.xib in Resources */,
				F042A0F529B097E70080572F /* TrendingTableViewCell.xib in Resources */,
				F088B0AB29B129CA00477063 /* UpcomingTableViewCell.xib in Resources */,
				C30893BA28A2F42D004B1860 /* LaunchScreen.storyboard in Resources */,
				F088B0DC29B1680C00477063 /* ReviewCollectionViewCell.xib in Resources */,
				F088B0A129B11FAF00477063 /* NowPlayingTableViewCell.xib in Resources */,
				C30893DB28A42481004B1860 /* README.md in Resources */,
				C30893B728A2F42D004B1860 /* Assets.xcassets in Resources */,
				F0EB436829AF3A2700284383 /* CastCollectionViewCell.xib in Resources */,
				F06CA9E229B27583007A1272 /* OverviewTableViewCell.xib in Resources */,
				F088B0D429B14CC500477063 /* CastTableViewCell.xib in Resources */,
				F0EB436329AF1B0A00284383 /* MovieCollectionViewCell.xib in Resources */,
				C383356E28CA917400FCE0D5 /* code-review-rubric.md in Resources */,
				F06CA9DD29B272E9007A1272 /* RecommendationsTableViewCell.xib in Resources */,
				F01305F829B16E0E00840768 /* ReviewTableViewCell.xib in Resources */,
				F0DE0BAB29B0675100207D78 /* ratedTableViewCell.xib in Resources */,
				F0F5F9A529C036AF001522B8 /* HomeTableViewCell.xib in Resources */,
				C30893B528A2F42B004B1860 /* Main.storyboard in Resources */,
			);
			runOnlyForDeploymentPostprocessing = 0;
		};
/* End PBXResourcesBuildPhase section */

/* Begin PBXSourcesBuildPhase section */
		C30893A628A2F42B004B1860 /* Sources */ = {
			isa = PBXSourcesBuildPhase;
			buildActionMask = 2147483647;
			files = (
				F06CA9DC29B272E9007A1272 /* RecommendationsTableViewCell.swift in Sources */,
				F0DE0BAA29B0675100207D78 /* ratedTableViewCell.swift in Sources */,
				F088B0A529B1267400477063 /* PopularTableViewCell.swift in Sources */,
				F088B0DB29B1680C00477063 /* ReviewCollectionViewCell.swift in Sources */,
				F06CA9E129B27583007A1272 /* OverviewTableViewCell.swift in Sources */,
				F0EB436729AF3A2700284383 /* CastCollectionViewCell.swift in Sources */,
				F088B0D329B14CC500477063 /* CastTableViewCell.swift in Sources */,
				F02EE9F9299E98110080341D /* HomeViewController.swift in Sources */,
				F01305F729B16E0E00840768 /* ReviewTableViewCell.swift in Sources */,
				F06CA9D529B26915007A1272 /* SimilarTableViewCell.swift in Sources */,
				C30893AE28A2F42B004B1860 /* AppDelegate.swift in Sources */,
				C30893B028A2F42B004B1860 /* SceneDelegate.swift in Sources */,
				C30893E228A425E1004B1860 /* MovieAPI.swift in Sources */,
				F0EB436229AF1B0A00284383 /* MovieCollectionViewCell.swift in Sources */,
				F088B0AE29B1332B00477063 /* DetailsViewController.swift in Sources */,
				F0F5F9A429C036AF001522B8 /* HomeTableViewCell.swift in Sources */,
				F0F5F9A629C036AF001522B8 /* SearchViewController.swift in Sources */,
				F088B0AA29B129CA00477063 /* UpcomingTableViewCell.swift in Sources */,
				F042A0F429B097E70080572F /* TrendingTableViewCell.swift in Sources */,
				F042748429BA6F3D000707A0 /* MovieAPIManager.swift in Sources */,
				F088B0A029B11FAF00477063 /* NowPlayingTableViewCell.swift in Sources */,
				C30893E328A425E1004B1860 /* Movie.swift in Sources */,
			);
			runOnlyForDeploymentPostprocessing = 0;
		};
/* End PBXSourcesBuildPhase section */

/* Begin PBXVariantGroup section */
		C30893B328A2F42B004B1860 /* Main.storyboard */ = {
			isa = PBXVariantGroup;
			children = (
				C30893B428A2F42B004B1860 /* Base */,
			);
			name = Main.storyboard;
			sourceTree = "<group>";
		};
		C30893B828A2F42D004B1860 /* LaunchScreen.storyboard */ = {
			isa = PBXVariantGroup;
			children = (
				C30893B928A2F42D004B1860 /* Base */,
			);
			name = LaunchScreen.storyboard;
			sourceTree = "<group>";
		};
/* End PBXVariantGroup section */

/* Begin XCBuildConfiguration section */
		C30893BC28A2F42D004B1860 /* Debug */ = {
			isa = XCBuildConfiguration;
			buildSettings = {
				ALWAYS_SEARCH_USER_PATHS = NO;
				CLANG_ANALYZER_NONNULL = YES;
				CLANG_ANALYZER_NUMBER_OBJECT_CONVERSION = YES_AGGRESSIVE;
				CLANG_CXX_LANGUAGE_STANDARD = "gnu++17";
				CLANG_ENABLE_MODULES = YES;
				CLANG_ENABLE_OBJC_ARC = YES;
				CLANG_ENABLE_OBJC_WEAK = YES;
				CLANG_WARN_BLOCK_CAPTURE_AUTORELEASING = YES;
				CLANG_WARN_BOOL_CONVERSION = YES;
				CLANG_WARN_COMMA = YES;
				CLANG_WARN_CONSTANT_CONVERSION = YES;
				CLANG_WARN_DEPRECATED_OBJC_IMPLEMENTATIONS = YES;
				CLANG_WARN_DIRECT_OBJC_ISA_USAGE = YES_ERROR;
				CLANG_WARN_DOCUMENTATION_COMMENTS = YES;
				CLANG_WARN_EMPTY_BODY = YES;
				CLANG_WARN_ENUM_CONVERSION = YES;
				CLANG_WARN_INFINITE_RECURSION = YES;
				CLANG_WARN_INT_CONVERSION = YES;
				CLANG_WARN_NON_LITERAL_NULL_CONVERSION = YES;
				CLANG_WARN_OBJC_IMPLICIT_RETAIN_SELF = YES;
				CLANG_WARN_OBJC_LITERAL_CONVERSION = YES;
				CLANG_WARN_OBJC_ROOT_CLASS = YES_ERROR;
				CLANG_WARN_QUOTED_INCLUDE_IN_FRAMEWORK_HEADER = YES;
				CLANG_WARN_RANGE_LOOP_ANALYSIS = YES;
				CLANG_WARN_STRICT_PROTOTYPES = YES;
				CLANG_WARN_SUSPICIOUS_MOVE = YES;
				CLANG_WARN_UNGUARDED_AVAILABILITY = YES_AGGRESSIVE;
				CLANG_WARN_UNREACHABLE_CODE = YES;
				CLANG_WARN__DUPLICATE_METHOD_MATCH = YES;
				COPY_PHASE_STRIP = NO;
				DEBUG_INFORMATION_FORMAT = dwarf;
				ENABLE_STRICT_OBJC_MSGSEND = YES;
				ENABLE_TESTABILITY = YES;
				GCC_C_LANGUAGE_STANDARD = gnu11;
				GCC_DYNAMIC_NO_PIC = NO;
				GCC_NO_COMMON_BLOCKS = YES;
				GCC_OPTIMIZATION_LEVEL = 0;
				GCC_PREPROCESSOR_DEFINITIONS = (
					"DEBUG=1",
					"$(inherited)",
				);
				GCC_WARN_64_TO_32_BIT_CONVERSION = YES;
				GCC_WARN_ABOUT_RETURN_TYPE = YES_ERROR;
				GCC_WARN_UNDECLARED_SELECTOR = YES;
				GCC_WARN_UNINITIALIZED_AUTOS = YES_AGGRESSIVE;
				GCC_WARN_UNUSED_FUNCTION = YES;
				GCC_WARN_UNUSED_VARIABLE = YES;
				IPHONEOS_DEPLOYMENT_TARGET = 14.0;
				MTL_ENABLE_DEBUG_INFO = INCLUDE_SOURCE;
				MTL_FAST_MATH = YES;
				ONLY_ACTIVE_ARCH = YES;
				SDKROOT = iphoneos;
				SWIFT_ACTIVE_COMPILATION_CONDITIONS = DEBUG;
				SWIFT_OPTIMIZATION_LEVEL = "-Onone";
			};
			name = Debug;
		};
		C30893BD28A2F42D004B1860 /* Release */ = {
			isa = XCBuildConfiguration;
			buildSettings = {
				ALWAYS_SEARCH_USER_PATHS = NO;
				CLANG_ANALYZER_NONNULL = YES;
				CLANG_ANALYZER_NUMBER_OBJECT_CONVERSION = YES_AGGRESSIVE;
				CLANG_CXX_LANGUAGE_STANDARD = "gnu++17";
				CLANG_ENABLE_MODULES = YES;
				CLANG_ENABLE_OBJC_ARC = YES;
				CLANG_ENABLE_OBJC_WEAK = YES;
				CLANG_WARN_BLOCK_CAPTURE_AUTORELEASING = YES;
				CLANG_WARN_BOOL_CONVERSION = YES;
				CLANG_WARN_COMMA = YES;
				CLANG_WARN_CONSTANT_CONVERSION = YES;
				CLANG_WARN_DEPRECATED_OBJC_IMPLEMENTATIONS = YES;
				CLANG_WARN_DIRECT_OBJC_ISA_USAGE = YES_ERROR;
				CLANG_WARN_DOCUMENTATION_COMMENTS = YES;
				CLANG_WARN_EMPTY_BODY = YES;
				CLANG_WARN_ENUM_CONVERSION = YES;
				CLANG_WARN_INFINITE_RECURSION = YES;
				CLANG_WARN_INT_CONVERSION = YES;
				CLANG_WARN_NON_LITERAL_NULL_CONVERSION = YES;
				CLANG_WARN_OBJC_IMPLICIT_RETAIN_SELF = YES;
				CLANG_WARN_OBJC_LITERAL_CONVERSION = YES;
				CLANG_WARN_OBJC_ROOT_CLASS = YES_ERROR;
				CLANG_WARN_QUOTED_INCLUDE_IN_FRAMEWORK_HEADER = YES;
				CLANG_WARN_RANGE_LOOP_ANALYSIS = YES;
				CLANG_WARN_STRICT_PROTOTYPES = YES;
				CLANG_WARN_SUSPICIOUS_MOVE = YES;
				CLANG_WARN_UNGUARDED_AVAILABILITY = YES_AGGRESSIVE;
				CLANG_WARN_UNREACHABLE_CODE = YES;
				CLANG_WARN__DUPLICATE_METHOD_MATCH = YES;
				COPY_PHASE_STRIP = NO;
				DEBUG_INFORMATION_FORMAT = "dwarf-with-dsym";
				ENABLE_NS_ASSERTIONS = NO;
				ENABLE_STRICT_OBJC_MSGSEND = YES;
				GCC_C_LANGUAGE_STANDARD = gnu11;
				GCC_NO_COMMON_BLOCKS = YES;
				GCC_WARN_64_TO_32_BIT_CONVERSION = YES;
				GCC_WARN_ABOUT_RETURN_TYPE = YES_ERROR;
				GCC_WARN_UNDECLARED_SELECTOR = YES;
				GCC_WARN_UNINITIALIZED_AUTOS = YES_AGGRESSIVE;
				GCC_WARN_UNUSED_FUNCTION = YES;
				GCC_WARN_UNUSED_VARIABLE = YES;
				IPHONEOS_DEPLOYMENT_TARGET = 14.0;
				MTL_ENABLE_DEBUG_INFO = NO;
				MTL_FAST_MATH = YES;
				SDKROOT = iphoneos;
				SWIFT_COMPILATION_MODE = wholemodule;
				SWIFT_OPTIMIZATION_LEVEL = "-O";
				VALIDATE_PRODUCT = YES;
			};
			name = Release;
		};
		C30893BF28A2F42D004B1860 /* Debug */ = {
			isa = XCBuildConfiguration;
			buildSettings = {
				ASSETCATALOG_COMPILER_APPICON_NAME = AppIcon;
				ASSETCATALOG_COMPILER_GLOBAL_ACCENT_COLOR_NAME = AccentColor;
				CODE_SIGN_STYLE = Automatic;
				CURRENT_PROJECT_VERSION = 1;
				DEVELOPMENT_TEAM = N5SD58TYUL;
				GENERATE_INFOPLIST_FILE = YES;
				INFOPLIST_FILE = BAZProject/Info.plist;
				INFOPLIST_KEY_UIApplicationSupportsIndirectInputEvents = YES;
				INFOPLIST_KEY_UILaunchStoryboardName = LaunchScreen;
				INFOPLIST_KEY_UIMainStoryboardFile = Main;
				INFOPLIST_KEY_UISupportedInterfaceOrientations_iPad = "UIInterfaceOrientationPortrait UIInterfaceOrientationPortraitUpsideDown UIInterfaceOrientationLandscapeLeft UIInterfaceOrientationLandscapeRight";
				INFOPLIST_KEY_UISupportedInterfaceOrientations_iPhone = "UIInterfaceOrientationPortrait UIInterfaceOrientationLandscapeLeft UIInterfaceOrientationLandscapeRight";
				IPHONEOS_DEPLOYMENT_TARGET = 14.0;
				LD_RUNPATH_SEARCH_PATHS = (
					"$(inherited)",
					"@executable_path/Frameworks",
				);
				MARKETING_VERSION = 1.0;
				PRODUCT_BUNDLE_IDENTIFIER = com.wizeline.BAZProject;
				PRODUCT_NAME = "$(TARGET_NAME)";
				SWIFT_EMIT_LOC_STRINGS = YES;
				SWIFT_VERSION = 5.0;
				TARGETED_DEVICE_FAMILY = "1,2";
			};
			name = Debug;
		};
		C30893C028A2F42D004B1860 /* Release */ = {
			isa = XCBuildConfiguration;
			buildSettings = {
				ASSETCATALOG_COMPILER_APPICON_NAME = AppIcon;
				ASSETCATALOG_COMPILER_GLOBAL_ACCENT_COLOR_NAME = AccentColor;
				CODE_SIGN_STYLE = Automatic;
				CURRENT_PROJECT_VERSION = 1;
				DEVELOPMENT_TEAM = N5SD58TYUL;
				GENERATE_INFOPLIST_FILE = YES;
				INFOPLIST_FILE = BAZProject/Info.plist;
				INFOPLIST_KEY_UIApplicationSupportsIndirectInputEvents = YES;
				INFOPLIST_KEY_UILaunchStoryboardName = LaunchScreen;
				INFOPLIST_KEY_UIMainStoryboardFile = Main;
				INFOPLIST_KEY_UISupportedInterfaceOrientations_iPad = "UIInterfaceOrientationPortrait UIInterfaceOrientationPortraitUpsideDown UIInterfaceOrientationLandscapeLeft UIInterfaceOrientationLandscapeRight";
				INFOPLIST_KEY_UISupportedInterfaceOrientations_iPhone = "UIInterfaceOrientationPortrait UIInterfaceOrientationLandscapeLeft UIInterfaceOrientationLandscapeRight";
				IPHONEOS_DEPLOYMENT_TARGET = 14.0;
				LD_RUNPATH_SEARCH_PATHS = (
					"$(inherited)",
					"@executable_path/Frameworks",
				);
				MARKETING_VERSION = 1.0;
				PRODUCT_BUNDLE_IDENTIFIER = com.wizeline.BAZProject;
				PRODUCT_NAME = "$(TARGET_NAME)";
				SWIFT_EMIT_LOC_STRINGS = YES;
				SWIFT_VERSION = 5.0;
				TARGETED_DEVICE_FAMILY = "1,2";
			};
			name = Release;
		};
/* End XCBuildConfiguration section */

/* Begin XCConfigurationList section */
		C30893A528A2F42B004B1860 /* Build configuration list for PBXProject "MovieApp" */ = {
			isa = XCConfigurationList;
			buildConfigurations = (
				C30893BC28A2F42D004B1860 /* Debug */,
				C30893BD28A2F42D004B1860 /* Release */,
			);
			defaultConfigurationIsVisible = 0;
			defaultConfigurationName = Release;
		};
		C30893BE28A2F42D004B1860 /* Build configuration list for PBXNativeTarget "MovieBucket" */ = {
			isa = XCConfigurationList;
			buildConfigurations = (
				C30893BF28A2F42D004B1860 /* Debug */,
				C30893C028A2F42D004B1860 /* Release */,
			);
			defaultConfigurationIsVisible = 0;
			defaultConfigurationName = Release;
		};
/* End XCConfigurationList section */
	};
	rootObject = C30893A228A2F42B004B1860 /* Project object */;
}
